// !$*UTF8*$!
{
	archiveVersion = 1;
	classes = {
	};
	objectVersion = 46;
	objects = {

/* Begin PBXBuildFile section */
		22AAD3E31AF6CEA900C9492D /* PSDistanceAnnotation.m in Sources */ = {isa = PBXBuildFile; fileRef = 22AAD3E21AF6CEA900C9492D /* PSDistanceAnnotation.m */; };
		22B1255B1B00028E0027DD9A /* PSLocationManager.m in Sources */ = {isa = PBXBuildFile; fileRef = 22B1255A1B00028E0027DD9A /* PSLocationManager.m */; };
		22B1255E1B00054D0027DD9A /* Schwarzenberg5.gpx in Resources */ = {isa = PBXBuildFile; fileRef = 22B1255C1B00054D0027DD9A /* Schwarzenberg5.gpx */; };
		22B1255F1B00054D0027DD9A /* Schwarzenberg6.gpx in Resources */ = {isa = PBXBuildFile; fileRef = 22B1255D1B00054D0027DD9A /* Schwarzenberg6.gpx */; };
		22B125611B0005570027DD9A /* Schwarzenberg4.gpx in Resources */ = {isa = PBXBuildFile; fileRef = 22B125601B0005570027DD9A /* Schwarzenberg4.gpx */; };
		22B125631B0006D00027DD9A /* Schwarzenberg7.gpx in Resources */ = {isa = PBXBuildFile; fileRef = 22B125621B0006D00027DD9A /* Schwarzenberg7.gpx */; };
		22B125661B0007470027DD9A /* Schwarzenberg8.gpx in Resources */ = {isa = PBXBuildFile; fileRef = 22B125641B0007460027DD9A /* Schwarzenberg8.gpx */; };
		22B125671B0007470027DD9A /* Schwarzenberg9.gpx in Resources */ = {isa = PBXBuildFile; fileRef = 22B125651B0007460027DD9A /* Schwarzenberg9.gpx */; };
		22B125691B0007D30027DD9A /* Schwarzenberg10.gpx in Resources */ = {isa = PBXBuildFile; fileRef = 22B125681B0007D30027DD9A /* Schwarzenberg10.gpx */; };
		22B1256C1B00113F0027DD9A /* Schwarzenberg11.gpx in Resources */ = {isa = PBXBuildFile; fileRef = 22B1256A1B00113F0027DD9A /* Schwarzenberg11.gpx */; };
		22B1256D1B00113F0027DD9A /* Schwarzenberg12.gpx in Resources */ = {isa = PBXBuildFile; fileRef = 22B1256B1B00113F0027DD9A /* Schwarzenberg12.gpx */; };
		22D231761AFFF28B0019EF15 /* NrideHom-3.gpx in Resources */ = {isa = PBXBuildFile; fileRef = 22D231701AFFF28B0019EF15 /* NrideHom-3.gpx */; };
		22D231771AFFF28B0019EF15 /* pur-blau-gpx.gpx in Resources */ = {isa = PBXBuildFile; fileRef = 22D231711AFFF28B0019EF15 /* pur-blau-gpx.gpx */; };
		22D231781AFFF28B0019EF15 /* pur-gruen-gpx.gpx in Resources */ = {isa = PBXBuildFile; fileRef = 22D231721AFFF28B0019EF15 /* pur-gruen-gpx.gpx */; };
		22D2317A1AFFF5880019EF15 /* KlbTrail.gpx in Resources */ = {isa = PBXBuildFile; fileRef = 22D231791AFFF5880019EF15 /* KlbTrail.gpx */; };
		22D2317C1AFFF69A0019EF15 /* Schwarzenberg1.gpx in Resources */ = {isa = PBXBuildFile; fileRef = 22D2317B1AFFF69A0019EF15 /* Schwarzenberg1.gpx */; };
		22D2317E1AFFF73A0019EF15 /* Schwarzenberg2.gpx in Resources */ = {isa = PBXBuildFile; fileRef = 22D2317D1AFFF73A0019EF15 /* Schwarzenberg2.gpx */; };
		22D231801AFFFD840019EF15 /* AmHomburg1.gpx in Resources */ = {isa = PBXBuildFile; fileRef = 22D2317F1AFFFD840019EF15 /* AmHomburg1.gpx */; };
		22D231821AFFFD8B0019EF15 /* Schwarzenberg3.gpx in Resources */ = {isa = PBXBuildFile; fileRef = 22D231811AFFFD8B0019EF15 /* Schwarzenberg3.gpx */; };
		22D231841AFFFE690019EF15 /* Dudweiler1.gpx in Resources */ = {isa = PBXBuildFile; fileRef = 22D231831AFFFE690019EF15 /* Dudweiler1.gpx */; };
		22F934D219DD5E5B00996122 /* Foundation.framework in Frameworks */ = {isa = PBXBuildFile; fileRef = 22F934D119DD5E5B00996122 /* Foundation.framework */; };
		22F934D419DD5E5B00996122 /* CoreGraphics.framework in Frameworks */ = {isa = PBXBuildFile; fileRef = 22F934D319DD5E5B00996122 /* CoreGraphics.framework */; };
		22F934D619DD5E5B00996122 /* UIKit.framework in Frameworks */ = {isa = PBXBuildFile; fileRef = 22F934D519DD5E5B00996122 /* UIKit.framework */; };
		22F934DC19DD5E5B00996122 /* InfoPlist.strings in Resources */ = {isa = PBXBuildFile; fileRef = 22F934DA19DD5E5B00996122 /* InfoPlist.strings */; };
		22F934DE19DD5E5B00996122 /* main.m in Sources */ = {isa = PBXBuildFile; fileRef = 22F934DD19DD5E5B00996122 /* main.m */; };
		22F934E219DD5E5B00996122 /* PSAppDelegate.m in Sources */ = {isa = PBXBuildFile; fileRef = 22F934E119DD5E5B00996122 /* PSAppDelegate.m */; };
		22F934E819DD5E5B00996122 /* PSViewController.m in Sources */ = {isa = PBXBuildFile; fileRef = 22F934E719DD5E5B00996122 /* PSViewController.m */; };
		22F934EA19DD5E5B00996122 /* Images.xcassets in Resources */ = {isa = PBXBuildFile; fileRef = 22F934E919DD5E5B00996122 /* Images.xcassets */; };
		22F934F119DD5E5B00996122 /* XCTest.framework in Frameworks */ = {isa = PBXBuildFile; fileRef = 22F934F019DD5E5B00996122 /* XCTest.framework */; };
		22F934F219DD5E5B00996122 /* Foundation.framework in Frameworks */ = {isa = PBXBuildFile; fileRef = 22F934D119DD5E5B00996122 /* Foundation.framework */; };
		22F934F319DD5E5B00996122 /* UIKit.framework in Frameworks */ = {isa = PBXBuildFile; fileRef = 22F934D519DD5E5B00996122 /* UIKit.framework */; };
		22F934FB19DD5E5B00996122 /* InfoPlist.strings in Resources */ = {isa = PBXBuildFile; fileRef = 22F934F919DD5E5B00996122 /* InfoPlist.strings */; };
		22F934FD19DD5E5B00996122 /* ObjcBikeGpsTests.m in Sources */ = {isa = PBXBuildFile; fileRef = 22F934FC19DD5E5B00996122 /* ObjcBikeGpsTests.m */; };
		22F9350719DD5FFB00996122 /* MapKit.framework in Frameworks */ = {isa = PBXBuildFile; fileRef = 22F9350619DD5FFB00996122 /* MapKit.framework */; };
		22F9350919DD624800996122 /* CoreLocation.framework in Frameworks */ = {isa = PBXBuildFile; fileRef = 22F9350819DD624800996122 /* CoreLocation.framework */; };
		7E00DAE2DCD044FA91CCAE5F /* libPods.a in Frameworks */ = {isa = PBXBuildFile; fileRef = 18CF6413E1014CC8A7CDA52D /* libPods.a */; };
		E5F1601EFD6DF91305B89379 /* PSTrackStore.m in Sources */ = {isa = PBXBuildFile; fileRef = E5F16D91F6134101B4D5B0C9 /* PSTrackStore.m */; };
		E5F163365A77926C4AF5CA54 /* PSGpxParser.m in Sources */ = {isa = PBXBuildFile; fileRef = E5F16DC8E762580B653758D0 /* PSGpxParser.m */; };
		E5F1645416730CCBD86C0E31 /* PSGraphViewController.m in Sources */ = {isa = PBXBuildFile; fileRef = E5F16F94BA02FB00F322D9FD /* PSGraphViewController.m */; };
		E5F166051E8262FB29BB9D8C /* PSTrackList.m in Sources */ = {isa = PBXBuildFile; fileRef = E5F16C8FC429FFB94D53B8B3 /* PSTrackList.m */; };
		E5F16B120607C41DEB8D16B4 /* PSMapViewController.m in Sources */ = {isa = PBXBuildFile; fileRef = E5F16894BC25953F932B2F87 /* PSMapViewController.m */; };
		E5F16E7AB10EB123356C1B2A /* PSTrack.m in Sources */ = {isa = PBXBuildFile; fileRef = E5F164D40F9565AD55DD90C5 /* PSTrack.m */; };
/* End PBXBuildFile section */

/* Begin PBXContainerItemProxy section */
		22F934F419DD5E5B00996122 /* PBXContainerItemProxy */ = {
			isa = PBXContainerItemProxy;
			containerPortal = 22F934C619DD5E5B00996122 /* Project object */;
			proxyType = 1;
			remoteGlobalIDString = 22F934CD19DD5E5B00996122;
			remoteInfo = ObjcBikeGps;
		};
/* End PBXContainerItemProxy section */

/* Begin PBXFileReference section */
		18CF6413E1014CC8A7CDA52D /* libPods.a */ = {isa = PBXFileReference; explicitFileType = archive.ar; includeInIndex = 0; path = libPods.a; sourceTree = BUILT_PRODUCTS_DIR; };
		22AAD3E11AF6CEA900C9492D /* PSDistanceAnnotation.h */ = {isa = PBXFileReference; fileEncoding = 4; lastKnownFileType = sourcecode.c.h; path = PSDistanceAnnotation.h; sourceTree = "<group>"; };
		22AAD3E21AF6CEA900C9492D /* PSDistanceAnnotation.m */ = {isa = PBXFileReference; fileEncoding = 4; lastKnownFileType = sourcecode.c.objc; path = PSDistanceAnnotation.m; sourceTree = "<group>"; };
		22B125591B00028E0027DD9A /* PSLocationManager.h */ = {isa = PBXFileReference; fileEncoding = 4; lastKnownFileType = sourcecode.c.h; path = PSLocationManager.h; sourceTree = "<group>"; };
		22B1255A1B00028E0027DD9A /* PSLocationManager.m */ = {isa = PBXFileReference; fileEncoding = 4; lastKnownFileType = sourcecode.c.objc; path = PSLocationManager.m; sourceTree = "<group>"; };
		22B1255C1B00054D0027DD9A /* Schwarzenberg5.gpx */ = {isa = PBXFileReference; fileEncoding = 4; lastKnownFileType = text.xml; name = Schwarzenberg5.gpx; path = SampleData/Schwarzenberg5.gpx; sourceTree = SOURCE_ROOT; };
		22B1255D1B00054D0027DD9A /* Schwarzenberg6.gpx */ = {isa = PBXFileReference; fileEncoding = 4; lastKnownFileType = text.xml; name = Schwarzenberg6.gpx; path = SampleData/Schwarzenberg6.gpx; sourceTree = SOURCE_ROOT; };
		22B125601B0005570027DD9A /* Schwarzenberg4.gpx */ = {isa = PBXFileReference; fileEncoding = 4; lastKnownFileType = text.xml; name = Schwarzenberg4.gpx; path = SampleData/Schwarzenberg4.gpx; sourceTree = SOURCE_ROOT; };
		22B125621B0006D00027DD9A /* Schwarzenberg7.gpx */ = {isa = PBXFileReference; fileEncoding = 4; lastKnownFileType = text.xml; name = Schwarzenberg7.gpx; path = SampleData/Schwarzenberg7.gpx; sourceTree = SOURCE_ROOT; };
		22B125641B0007460027DD9A /* Schwarzenberg8.gpx */ = {isa = PBXFileReference; fileEncoding = 4; lastKnownFileType = text.xml; name = Schwarzenberg8.gpx; path = SampleData/Schwarzenberg8.gpx; sourceTree = SOURCE_ROOT; };
		22B125651B0007460027DD9A /* Schwarzenberg9.gpx */ = {isa = PBXFileReference; fileEncoding = 4; lastKnownFileType = text.xml; name = Schwarzenberg9.gpx; path = SampleData/Schwarzenberg9.gpx; sourceTree = SOURCE_ROOT; };
		22B125681B0007D30027DD9A /* Schwarzenberg10.gpx */ = {isa = PBXFileReference; fileEncoding = 4; lastKnownFileType = text.xml; name = Schwarzenberg10.gpx; path = SampleData/Schwarzenberg10.gpx; sourceTree = SOURCE_ROOT; };
		22B1256A1B00113F0027DD9A /* Schwarzenberg11.gpx */ = {isa = PBXFileReference; fileEncoding = 4; lastKnownFileType = text.xml; name = Schwarzenberg11.gpx; path = SampleData/Schwarzenberg11.gpx; sourceTree = SOURCE_ROOT; };
		22B1256B1B00113F0027DD9A /* Schwarzenberg12.gpx */ = {isa = PBXFileReference; fileEncoding = 4; lastKnownFileType = text.xml; name = Schwarzenberg12.gpx; path = SampleData/Schwarzenberg12.gpx; sourceTree = SOURCE_ROOT; };
		22D2316D1AFFF28B0019EF15 /* Felsenpfad.gpx */ = {isa = PBXFileReference; fileEncoding = 4; lastKnownFileType = text.xml; name = Felsenpfad.gpx; path = SampleData/Felsenpfad.gpx; sourceTree = SOURCE_ROOT; };
		22D231701AFFF28B0019EF15 /* NrideHom-3.gpx */ = {isa = PBXFileReference; fileEncoding = 4; lastKnownFileType = text.xml; name = "NrideHom-3.gpx"; path = "SampleData/NrideHom-3.gpx"; sourceTree = SOURCE_ROOT; };
		22D231711AFFF28B0019EF15 /* pur-blau-gpx.gpx */ = {isa = PBXFileReference; fileEncoding = 4; lastKnownFileType = text.xml; name = "pur-blau-gpx.gpx"; path = "SampleData/pur-blau-gpx.gpx"; sourceTree = SOURCE_ROOT; };
		22D231721AFFF28B0019EF15 /* pur-gruen-gpx.gpx */ = {isa = PBXFileReference; fileEncoding = 4; lastKnownFileType = text.xml; name = "pur-gruen-gpx.gpx"; path = "SampleData/pur-gruen-gpx.gpx"; sourceTree = SOURCE_ROOT; };
		22D231791AFFF5880019EF15 /* KlbTrail.gpx */ = {isa = PBXFileReference; fileEncoding = 4; lastKnownFileType = text.xml; name = KlbTrail.gpx; path = SampleData/KlbTrail.gpx; sourceTree = SOURCE_ROOT; };
		22D2317B1AFFF69A0019EF15 /* Schwarzenberg1.gpx */ = {isa = PBXFileReference; fileEncoding = 4; lastKnownFileType = text.xml; name = Schwarzenberg1.gpx; path = SampleData/Schwarzenberg1.gpx; sourceTree = SOURCE_ROOT; };
		22D2317D1AFFF73A0019EF15 /* Schwarzenberg2.gpx */ = {isa = PBXFileReference; fileEncoding = 4; lastKnownFileType = text.xml; name = Schwarzenberg2.gpx; path = SampleData/Schwarzenberg2.gpx; sourceTree = SOURCE_ROOT; };
		22D2317F1AFFFD840019EF15 /* AmHomburg1.gpx */ = {isa = PBXFileReference; fileEncoding = 4; lastKnownFileType = text.xml; name = AmHomburg1.gpx; path = SampleData/AmHomburg1.gpx; sourceTree = SOURCE_ROOT; };
		22D231811AFFFD8B0019EF15 /* Schwarzenberg3.gpx */ = {isa = PBXFileReference; fileEncoding = 4; lastKnownFileType = text.xml; name = Schwarzenberg3.gpx; path = SampleData/Schwarzenberg3.gpx; sourceTree = SOURCE_ROOT; };
		22D231831AFFFE690019EF15 /* Dudweiler1.gpx */ = {isa = PBXFileReference; fileEncoding = 4; lastKnownFileType = text.xml; name = Dudweiler1.gpx; path = SampleData/Dudweiler1.gpx; sourceTree = SOURCE_ROOT; };
		22F934CE19DD5E5B00996122 /* ObjcBikeGps.app */ = {isa = PBXFileReference; explicitFileType = wrapper.application; includeInIndex = 0; path = ObjcBikeGps.app; sourceTree = BUILT_PRODUCTS_DIR; };
		22F934D119DD5E5B00996122 /* Foundation.framework */ = {isa = PBXFileReference; lastKnownFileType = wrapper.framework; name = Foundation.framework; path = System/Library/Frameworks/Foundation.framework; sourceTree = SDKROOT; };
		22F934D319DD5E5B00996122 /* CoreGraphics.framework */ = {isa = PBXFileReference; lastKnownFileType = wrapper.framework; name = CoreGraphics.framework; path = System/Library/Frameworks/CoreGraphics.framework; sourceTree = SDKROOT; };
		22F934D519DD5E5B00996122 /* UIKit.framework */ = {isa = PBXFileReference; lastKnownFileType = wrapper.framework; name = UIKit.framework; path = System/Library/Frameworks/UIKit.framework; sourceTree = SDKROOT; };
		22F934D919DD5E5B00996122 /* ObjcBikeGps-Info.plist */ = {isa = PBXFileReference; lastKnownFileType = text.plist.xml; path = "ObjcBikeGps-Info.plist"; sourceTree = "<group>"; };
		22F934DB19DD5E5B00996122 /* en */ = {isa = PBXFileReference; lastKnownFileType = text.plist.strings; name = en; path = en.lproj/InfoPlist.strings; sourceTree = "<group>"; };
		22F934DD19DD5E5B00996122 /* main.m */ = {isa = PBXFileReference; lastKnownFileType = sourcecode.c.objc; path = main.m; sourceTree = "<group>"; };
		22F934DF19DD5E5B00996122 /* ObjcBikeGps-Prefix.pch */ = {isa = PBXFileReference; lastKnownFileType = sourcecode.c.h; path = "ObjcBikeGps-Prefix.pch"; sourceTree = "<group>"; };
		22F934E019DD5E5B00996122 /* PSAppDelegate.h */ = {isa = PBXFileReference; lastKnownFileType = sourcecode.c.h; path = PSAppDelegate.h; sourceTree = "<group>"; };
		22F934E119DD5E5B00996122 /* PSAppDelegate.m */ = {isa = PBXFileReference; lastKnownFileType = sourcecode.c.objc; path = PSAppDelegate.m; sourceTree = "<group>"; };
		22F934E619DD5E5B00996122 /* PSViewController.h */ = {isa = PBXFileReference; lastKnownFileType = sourcecode.c.h; path = PSViewController.h; sourceTree = "<group>"; };
		22F934E719DD5E5B00996122 /* PSViewController.m */ = {isa = PBXFileReference; lastKnownFileType = sourcecode.c.objc; path = PSViewController.m; sourceTree = "<group>"; };
		22F934E919DD5E5B00996122 /* Images.xcassets */ = {isa = PBXFileReference; lastKnownFileType = folder.assetcatalog; path = Images.xcassets; sourceTree = "<group>"; };
		22F934EF19DD5E5B00996122 /* ObjcBikeGpsTests.xctest */ = {isa = PBXFileReference; explicitFileType = wrapper.cfbundle; includeInIndex = 0; path = ObjcBikeGpsTests.xctest; sourceTree = BUILT_PRODUCTS_DIR; };
		22F934F019DD5E5B00996122 /* XCTest.framework */ = {isa = PBXFileReference; lastKnownFileType = wrapper.framework; name = XCTest.framework; path = Library/Frameworks/XCTest.framework; sourceTree = DEVELOPER_DIR; };
		22F934F819DD5E5B00996122 /* ObjcBikeGpsTests-Info.plist */ = {isa = PBXFileReference; lastKnownFileType = text.plist.xml; path = "ObjcBikeGpsTests-Info.plist"; sourceTree = "<group>"; };
		22F934FA19DD5E5B00996122 /* en */ = {isa = PBXFileReference; lastKnownFileType = text.plist.strings; name = en; path = en.lproj/InfoPlist.strings; sourceTree = "<group>"; };
		22F934FC19DD5E5B00996122 /* ObjcBikeGpsTests.m */ = {isa = PBXFileReference; lastKnownFileType = sourcecode.c.objc; path = ObjcBikeGpsTests.m; sourceTree = "<group>"; };
		22F9350619DD5FFB00996122 /* MapKit.framework */ = {isa = PBXFileReference; lastKnownFileType = wrapper.framework; name = MapKit.framework; path = System/Library/Frameworks/MapKit.framework; sourceTree = SDKROOT; };
		22F9350819DD624800996122 /* CoreLocation.framework */ = {isa = PBXFileReference; lastKnownFileType = wrapper.framework; name = CoreLocation.framework; path = System/Library/Frameworks/CoreLocation.framework; sourceTree = SDKROOT; };
		5E583B3B03D649A69419F33C /* Pods.xcconfig */ = {isa = PBXFileReference; includeInIndex = 1; lastKnownFileType = text.xcconfig; name = Pods.xcconfig; path = Pods/Pods.xcconfig; sourceTree = "<group>"; };
		E5F16458DDF465B9982ED7C4 /* PSTrackStore.h */ = {isa = PBXFileReference; fileEncoding = 4; lastKnownFileType = sourcecode.c.h; path = PSTrackStore.h; sourceTree = "<group>"; };
		E5F164D40F9565AD55DD90C5 /* PSTrack.m */ = {isa = PBXFileReference; fileEncoding = 4; lastKnownFileType = sourcecode.c.objc; path = PSTrack.m; sourceTree = "<group>"; };
		E5F166C06B79B63DCB75653D /* PSGraphViewController.h */ = {isa = PBXFileReference; fileEncoding = 4; lastKnownFileType = sourcecode.c.h; path = PSGraphViewController.h; sourceTree = "<group>"; };
		E5F166DAA770CC1BC8C2CFCD /* PSGpxParser.h */ = {isa = PBXFileReference; fileEncoding = 4; lastKnownFileType = sourcecode.c.h; path = PSGpxParser.h; sourceTree = "<group>"; };
		E5F16894BC25953F932B2F87 /* PSMapViewController.m */ = {isa = PBXFileReference; fileEncoding = 4; lastKnownFileType = sourcecode.c.objc; path = PSMapViewController.m; sourceTree = "<group>"; };
		E5F16B5892063D6867557AFF /* PSTrack.h */ = {isa = PBXFileReference; fileEncoding = 4; lastKnownFileType = sourcecode.c.h; path = PSTrack.h; sourceTree = "<group>"; };
		E5F16BC618CDE2FDB64A040D /* PSMapViewController.h */ = {isa = PBXFileReference; fileEncoding = 4; lastKnownFileType = sourcecode.c.h; path = PSMapViewController.h; sourceTree = "<group>"; };
		E5F16C8FC429FFB94D53B8B3 /* PSTrackList.m */ = {isa = PBXFileReference; fileEncoding = 4; lastKnownFileType = sourcecode.c.objc; path = PSTrackList.m; sourceTree = "<group>"; };
		E5F16D5BDFA28CCC660617AD /* PSTrackList.h */ = {isa = PBXFileReference; fileEncoding = 4; lastKnownFileType = sourcecode.c.h; path = PSTrackList.h; sourceTree = "<group>"; };
		E5F16D91F6134101B4D5B0C9 /* PSTrackStore.m */ = {isa = PBXFileReference; fileEncoding = 4; lastKnownFileType = sourcecode.c.objc; path = PSTrackStore.m; sourceTree = "<group>"; };
		E5F16DC8E762580B653758D0 /* PSGpxParser.m */ = {isa = PBXFileReference; fileEncoding = 4; lastKnownFileType = sourcecode.c.objc; path = PSGpxParser.m; sourceTree = "<group>"; };
		E5F16F94BA02FB00F322D9FD /* PSGraphViewController.m */ = {isa = PBXFileReference; fileEncoding = 4; lastKnownFileType = sourcecode.c.objc; path = PSGraphViewController.m; sourceTree = "<group>"; };
/* End PBXFileReference section */

/* Begin PBXFrameworksBuildPhase section */
		22F934CB19DD5E5B00996122 /* Frameworks */ = {
			isa = PBXFrameworksBuildPhase;
			buildActionMask = 2147483647;
			files = (
				22F9350919DD624800996122 /* CoreLocation.framework in Frameworks */,
				22F9350719DD5FFB00996122 /* MapKit.framework in Frameworks */,
				22F934D419DD5E5B00996122 /* CoreGraphics.framework in Frameworks */,
				22F934D619DD5E5B00996122 /* UIKit.framework in Frameworks */,
				22F934D219DD5E5B00996122 /* Foundation.framework in Frameworks */,
				7E00DAE2DCD044FA91CCAE5F /* libPods.a in Frameworks */,
			);
			runOnlyForDeploymentPostprocessing = 0;
		};
		22F934EC19DD5E5B00996122 /* Frameworks */ = {
			isa = PBXFrameworksBuildPhase;
			buildActionMask = 2147483647;
			files = (
				22F934F119DD5E5B00996122 /* XCTest.framework in Frameworks */,
				22F934F319DD5E5B00996122 /* UIKit.framework in Frameworks */,
				22F934F219DD5E5B00996122 /* Foundation.framework in Frameworks */,
			);
			runOnlyForDeploymentPostprocessing = 0;
		};
/* End PBXFrameworksBuildPhase section */

/* Begin PBXGroup section */
		22D2316C1AFFF2770019EF15 /* SampleFiles */ = {
			isa = PBXGroup;
			children = (
				22D2317F1AFFFD840019EF15 /* AmHomburg1.gpx */,
				22D231831AFFFE690019EF15 /* Dudweiler1.gpx */,
				22D2317B1AFFF69A0019EF15 /* Schwarzenberg1.gpx */,
				22D2317D1AFFF73A0019EF15 /* Schwarzenberg2.gpx */,
				22D231811AFFFD8B0019EF15 /* Schwarzenberg3.gpx */,
				22B125601B0005570027DD9A /* Schwarzenberg4.gpx */,
				22B1255C1B00054D0027DD9A /* Schwarzenberg5.gpx */,
				22B1255D1B00054D0027DD9A /* Schwarzenberg6.gpx */,
				22B125621B0006D00027DD9A /* Schwarzenberg7.gpx */,
				22B125641B0007460027DD9A /* Schwarzenberg8.gpx */,
				22B125651B0007460027DD9A /* Schwarzenberg9.gpx */,
				22B125681B0007D30027DD9A /* Schwarzenberg10.gpx */,
				22B1256A1B00113F0027DD9A /* Schwarzenberg11.gpx */,
				22B1256B1B00113F0027DD9A /* Schwarzenberg12.gpx */,
				22D231791AFFF5880019EF15 /* KlbTrail.gpx */,
				22D2316D1AFFF28B0019EF15 /* Felsenpfad.gpx */,
				22D231701AFFF28B0019EF15 /* NrideHom-3.gpx */,
				22D231711AFFF28B0019EF15 /* pur-blau-gpx.gpx */,
				22D231721AFFF28B0019EF15 /* pur-gruen-gpx.gpx */,
			);
			name = SampleFiles;
			sourceTree = "<group>";
		};
		22F934C519DD5E5B00996122 = {
			isa = PBXGroup;
			children = (
				22F934D719DD5E5B00996122 /* ObjcBikeGps */,
				22F934F619DD5E5B00996122 /* ObjcBikeGpsTests */,
				22F934D019DD5E5B00996122 /* Frameworks */,
				22F934CF19DD5E5B00996122 /* Products */,
				5E583B3B03D649A69419F33C /* Pods.xcconfig */,
			);
			sourceTree = "<group>";
		};
		22F934CF19DD5E5B00996122 /* Products */ = {
			isa = PBXGroup;
			children = (
				22F934CE19DD5E5B00996122 /* ObjcBikeGps.app */,
				22F934EF19DD5E5B00996122 /* ObjcBikeGpsTests.xctest */,
			);
			name = Products;
			sourceTree = "<group>";
		};
		22F934D019DD5E5B00996122 /* Frameworks */ = {
			isa = PBXGroup;
			children = (
				22F9350819DD624800996122 /* CoreLocation.framework */,
				22F9350619DD5FFB00996122 /* MapKit.framework */,
				22F934D119DD5E5B00996122 /* Foundation.framework */,
				22F934D319DD5E5B00996122 /* CoreGraphics.framework */,
				22F934D519DD5E5B00996122 /* UIKit.framework */,
				22F934F019DD5E5B00996122 /* XCTest.framework */,
				18CF6413E1014CC8A7CDA52D /* libPods.a */,
			);
			name = Frameworks;
			sourceTree = "<group>";
		};
		22F934D719DD5E5B00996122 /* ObjcBikeGps */ = {
			isa = PBXGroup;
			children = (
				22D2316C1AFFF2770019EF15 /* SampleFiles */,
				22F934E019DD5E5B00996122 /* PSAppDelegate.h */,
				22F934E119DD5E5B00996122 /* PSAppDelegate.m */,
				22F934E619DD5E5B00996122 /* PSViewController.h */,
				22F934E719DD5E5B00996122 /* PSViewController.m */,
				22F934E919DD5E5B00996122 /* Images.xcassets */,
				22F934D819DD5E5B00996122 /* Supporting Files */,
				E5F16DC8E762580B653758D0 /* PSGpxParser.m */,
				E5F166DAA770CC1BC8C2CFCD /* PSGpxParser.h */,
				E5F16F94BA02FB00F322D9FD /* PSGraphViewController.m */,
				E5F166C06B79B63DCB75653D /* PSGraphViewController.h */,
				22AAD3E11AF6CEA900C9492D /* PSDistanceAnnotation.h */,
				22AAD3E21AF6CEA900C9492D /* PSDistanceAnnotation.m */,
				E5F16894BC25953F932B2F87 /* PSMapViewController.m */,
				E5F16BC618CDE2FDB64A040D /* PSMapViewController.h */,
				22B125591B00028E0027DD9A /* PSLocationManager.h */,
				22B1255A1B00028E0027DD9A /* PSLocationManager.m */,
				E5F164D40F9565AD55DD90C5 /* PSTrack.m */,
				E5F16B5892063D6867557AFF /* PSTrack.h */,
				E5F16C8FC429FFB94D53B8B3 /* PSTrackList.m */,
				E5F16D5BDFA28CCC660617AD /* PSTrackList.h */,
				E5F16D91F6134101B4D5B0C9 /* PSTrackStore.m */,
				E5F16458DDF465B9982ED7C4 /* PSTrackStore.h */,
			);
			path = ObjcBikeGps;
			sourceTree = "<group>";
		};
		22F934D819DD5E5B00996122 /* Supporting Files */ = {
			isa = PBXGroup;
			children = (
				22F934D919DD5E5B00996122 /* ObjcBikeGps-Info.plist */,
				22F934DA19DD5E5B00996122 /* InfoPlist.strings */,
				22F934DD19DD5E5B00996122 /* main.m */,
				22F934DF19DD5E5B00996122 /* ObjcBikeGps-Prefix.pch */,
			);
			name = "Supporting Files";
			sourceTree = "<group>";
		};
		22F934F619DD5E5B00996122 /* ObjcBikeGpsTests */ = {
			isa = PBXGroup;
			children = (
				22F934FC19DD5E5B00996122 /* ObjcBikeGpsTests.m */,
				22F934F719DD5E5B00996122 /* Supporting Files */,
			);
			path = ObjcBikeGpsTests;
			sourceTree = "<group>";
		};
		22F934F719DD5E5B00996122 /* Supporting Files */ = {
			isa = PBXGroup;
			children = (
				22F934F819DD5E5B00996122 /* ObjcBikeGpsTests-Info.plist */,
				22F934F919DD5E5B00996122 /* InfoPlist.strings */,
			);
			name = "Supporting Files";
			sourceTree = "<group>";
		};
/* End PBXGroup section */

/* Begin PBXNativeTarget section */
		22F934CD19DD5E5B00996122 /* ObjcBikeGps */ = {
			isa = PBXNativeTarget;
			buildConfigurationList = 22F9350019DD5E5B00996122 /* Build configuration list for PBXNativeTarget "ObjcBikeGps" */;
			buildPhases = (
				363CD54E3045416CBBC6B968 /* Check Pods Manifest.lock */,
				22F934CA19DD5E5B00996122 /* Sources */,
				22F934CB19DD5E5B00996122 /* Frameworks */,
				22F934CC19DD5E5B00996122 /* Resources */,
				330C507679574CBD9AA83423 /* Copy Pods Resources */,
			);
			buildRules = (
			);
			dependencies = (
			);
			name = ObjcBikeGps;
			productName = ObjcBikeGps;
			productReference = 22F934CE19DD5E5B00996122 /* ObjcBikeGps.app */;
			productType = "com.apple.product-type.application";
		};
		22F934EE19DD5E5B00996122 /* ObjcBikeGpsTests */ = {
			isa = PBXNativeTarget;
			buildConfigurationList = 22F9350319DD5E5B00996122 /* Build configuration list for PBXNativeTarget "ObjcBikeGpsTests" */;
			buildPhases = (
				22F934EB19DD5E5B00996122 /* Sources */,
				22F934EC19DD5E5B00996122 /* Frameworks */,
				22F934ED19DD5E5B00996122 /* Resources */,
			);
			buildRules = (
			);
			dependencies = (
				22F934F519DD5E5B00996122 /* PBXTargetDependency */,
			);
			name = ObjcBikeGpsTests;
			productName = ObjcBikeGpsTests;
			productReference = 22F934EF19DD5E5B00996122 /* ObjcBikeGpsTests.xctest */;
			productType = "com.apple.product-type.bundle.unit-test";
		};
/* End PBXNativeTarget section */

/* Begin PBXProject section */
		22F934C619DD5E5B00996122 /* Project object */ = {
			isa = PBXProject;
			attributes = {
				CLASSPREFIX = PS;
				LastUpgradeCheck = 0500;
				ORGANIZATIONNAME = phschneider.net;
				TargetAttributes = {
					22F934EE19DD5E5B00996122 = {
						TestTargetID = 22F934CD19DD5E5B00996122;
					};
				};
			};
			buildConfigurationList = 22F934C919DD5E5B00996122 /* Build configuration list for PBXProject "ObjcBikeGps" */;
			compatibilityVersion = "Xcode 3.2";
			developmentRegion = English;
			hasScannedForEncodings = 0;
			knownRegions = (
				en,
				Base,
			);
			mainGroup = 22F934C519DD5E5B00996122;
			productRefGroup = 22F934CF19DD5E5B00996122 /* Products */;
			projectDirPath = "";
			projectRoot = "";
			targets = (
				22F934CD19DD5E5B00996122 /* ObjcBikeGps */,
				22F934EE19DD5E5B00996122 /* ObjcBikeGpsTests */,
			);
		};
/* End PBXProject section */

/* Begin PBXResourcesBuildPhase section */
		22F934CC19DD5E5B00996122 /* Resources */ = {
			isa = PBXResourcesBuildPhase;
			buildActionMask = 2147483647;
			files = (
				22B125611B0005570027DD9A /* Schwarzenberg4.gpx in Resources */,
				22D231761AFFF28B0019EF15 /* NrideHom-3.gpx in Resources */,
				22D231771AFFF28B0019EF15 /* pur-blau-gpx.gpx in Resources */,
				22D231841AFFFE690019EF15 /* Dudweiler1.gpx in Resources */,
				22B1256D1B00113F0027DD9A /* Schwarzenberg12.gpx in Resources */,
				22D231801AFFFD840019EF15 /* AmHomburg1.gpx in Resources */,
				22D2317C1AFFF69A0019EF15 /* Schwarzenberg1.gpx in Resources */,
				22B125691B0007D30027DD9A /* Schwarzenberg10.gpx in Resources */,
				22B1256C1B00113F0027DD9A /* Schwarzenberg11.gpx in Resources */,
				22B1255F1B00054D0027DD9A /* Schwarzenberg6.gpx in Resources */,
				22B125631B0006D00027DD9A /* Schwarzenberg7.gpx in Resources */,
				22D2317A1AFFF5880019EF15 /* KlbTrail.gpx in Resources */,
				22F934EA19DD5E5B00996122 /* Images.xcassets in Resources */,
				22F934DC19DD5E5B00996122 /* InfoPlist.strings in Resources */,
				22B125671B0007470027DD9A /* Schwarzenberg9.gpx in Resources */,
				22D231821AFFFD8B0019EF15 /* Schwarzenberg3.gpx in Resources */,
				22B125661B0007470027DD9A /* Schwarzenberg8.gpx in Resources */,
				22B1255E1B00054D0027DD9A /* Schwarzenberg5.gpx in Resources */,
				22D2317E1AFFF73A0019EF15 /* Schwarzenberg2.gpx in Resources */,
				22D231781AFFF28B0019EF15 /* pur-gruen-gpx.gpx in Resources */,
			);
			runOnlyForDeploymentPostprocessing = 0;
		};
		22F934ED19DD5E5B00996122 /* Resources */ = {
			isa = PBXResourcesBuildPhase;
			buildActionMask = 2147483647;
			files = (
				22F934FB19DD5E5B00996122 /* InfoPlist.strings in Resources */,
			);
			runOnlyForDeploymentPostprocessing = 0;
		};
/* End PBXResourcesBuildPhase section */

/* Begin PBXShellScriptBuildPhase section */
		330C507679574CBD9AA83423 /* Copy Pods Resources */ = {
			isa = PBXShellScriptBuildPhase;
			buildActionMask = 2147483647;
			files = (
			);
			inputPaths = (
			);
			name = "Copy Pods Resources";
			outputPaths = (
			);
			runOnlyForDeploymentPostprocessing = 0;
			shellPath = /bin/sh;
			shellScript = "\"${SRCROOT}/Pods/Pods-resources.sh\"\n";
			showEnvVarsInLog = 0;
		};
		363CD54E3045416CBBC6B968 /* Check Pods Manifest.lock */ = {
			isa = PBXShellScriptBuildPhase;
			buildActionMask = 2147483647;
			files = (
			);
			inputPaths = (
			);
			name = "Check Pods Manifest.lock";
			outputPaths = (
			);
			runOnlyForDeploymentPostprocessing = 0;
			shellPath = /bin/sh;
			shellScript = "diff \"${PODS_ROOT}/../Podfile.lock\" \"${PODS_ROOT}/Manifest.lock\" > /dev/null\nif [[ $? != 0 ]] ; then\n    cat << EOM\nerror: The sandbox is not in sync with the Podfile.lock. Run 'pod install' or update your CocoaPods installation.\nEOM\n    exit 1\nfi\n";
			showEnvVarsInLog = 0;
		};
/* End PBXShellScriptBuildPhase section */

/* Begin PBXSourcesBuildPhase section */
		22F934CA19DD5E5B00996122 /* Sources */ = {
			isa = PBXSourcesBuildPhase;
			buildActionMask = 2147483647;
			files = (
				22AAD3E31AF6CEA900C9492D /* PSDistanceAnnotation.m in Sources */,
				22B1255B1B00028E0027DD9A /* PSLocationManager.m in Sources */,
				22F934DE19DD5E5B00996122 /* main.m in Sources */,
				22F934E819DD5E5B00996122 /* PSViewController.m in Sources */,
				22F934E219DD5E5B00996122 /* PSAppDelegate.m in Sources */,
				E5F163365A77926C4AF5CA54 /* PSGpxParser.m in Sources */,
				E5F1645416730CCBD86C0E31 /* PSGraphViewController.m in Sources */,
				E5F16B120607C41DEB8D16B4 /* PSMapViewController.m in Sources */,
				E5F16E7AB10EB123356C1B2A /* PSTrack.m in Sources */,
				E5F166051E8262FB29BB9D8C /* PSTrackList.m in Sources */,
				E5F1601EFD6DF91305B89379 /* PSTrackStore.m in Sources */,
			);
			runOnlyForDeploymentPostprocessing = 0;
		};
		22F934EB19DD5E5B00996122 /* Sources */ = {
			isa = PBXSourcesBuildPhase;
			buildActionMask = 2147483647;
			files = (
				22F934FD19DD5E5B00996122 /* ObjcBikeGpsTests.m in Sources */,
			);
			runOnlyForDeploymentPostprocessing = 0;
		};
/* End PBXSourcesBuildPhase section */

/* Begin PBXTargetDependency section */
		22F934F519DD5E5B00996122 /* PBXTargetDependency */ = {
			isa = PBXTargetDependency;
			target = 22F934CD19DD5E5B00996122 /* ObjcBikeGps */;
			targetProxy = 22F934F419DD5E5B00996122 /* PBXContainerItemProxy */;
		};
/* End PBXTargetDependency section */

/* Begin PBXVariantGroup section */
		22F934DA19DD5E5B00996122 /* InfoPlist.strings */ = {
			isa = PBXVariantGroup;
			children = (
				22F934DB19DD5E5B00996122 /* en */,
			);
			name = InfoPlist.strings;
			sourceTree = "<group>";
		};
		22F934F919DD5E5B00996122 /* InfoPlist.strings */ = {
			isa = PBXVariantGroup;
			children = (
				22F934FA19DD5E5B00996122 /* en */,
			);
			name = InfoPlist.strings;
			sourceTree = "<group>";
		};
/* End PBXVariantGroup section */

/* Begin XCBuildConfiguration section */
		22F934FE19DD5E5B00996122 /* Debug */ = {
			isa = XCBuildConfiguration;
			buildSettings = {
				ALWAYS_SEARCH_USER_PATHS = NO;
				ARCHS = "$(ARCHS_STANDARD_INCLUDING_64_BIT)";
				CLANG_CXX_LANGUAGE_STANDARD = "gnu++0x";
				CLANG_CXX_LIBRARY = "libc++";
				CLANG_ENABLE_MODULES = YES;
				CLANG_ENABLE_OBJC_ARC = YES;
				CLANG_WARN_BOOL_CONVERSION = YES;
				CLANG_WARN_CONSTANT_CONVERSION = YES;
				CLANG_WARN_DIRECT_OBJC_ISA_USAGE = YES_ERROR;
				CLANG_WARN_EMPTY_BODY = YES;
				CLANG_WARN_ENUM_CONVERSION = YES;
				CLANG_WARN_INT_CONVERSION = YES;
				CLANG_WARN_OBJC_ROOT_CLASS = YES_ERROR;
				CLANG_WARN__DUPLICATE_METHOD_MATCH = YES;
				"CODE_SIGN_IDENTITY[sdk=iphoneos*]" = "iPhone Developer";
				COPY_PHASE_STRIP = NO;
				GCC_C_LANGUAGE_STANDARD = gnu99;
				GCC_DYNAMIC_NO_PIC = NO;
				GCC_OPTIMIZATION_LEVEL = 0;
				GCC_PREPROCESSOR_DEFINITIONS = (
					"DEBUG=1",
					"$(inherited)",
				);
				GCC_SYMBOLS_PRIVATE_EXTERN = NO;
				GCC_WARN_64_TO_32_BIT_CONVERSION = YES;
				GCC_WARN_ABOUT_RETURN_TYPE = YES_ERROR;
				GCC_WARN_UNDECLARED_SELECTOR = YES;
				GCC_WARN_UNINITIALIZED_AUTOS = YES;
				GCC_WARN_UNUSED_FUNCTION = YES;
				GCC_WARN_UNUSED_VARIABLE = YES;
				IPHONEOS_DEPLOYMENT_TARGET = 7.0;
				ONLY_ACTIVE_ARCH = YES;
				SDKROOT = iphoneos;
			};
			name = Debug;
		};
		22F934FF19DD5E5B00996122 /* Release */ = {
			isa = XCBuildConfiguration;
			buildSettings = {
				ALWAYS_SEARCH_USER_PATHS = NO;
				ARCHS = "$(ARCHS_STANDARD_INCLUDING_64_BIT)";
				CLANG_CXX_LANGUAGE_STANDARD = "gnu++0x";
				CLANG_CXX_LIBRARY = "libc++";
				CLANG_ENABLE_MODULES = YES;
				CLANG_ENABLE_OBJC_ARC = YES;
				CLANG_WARN_BOOL_CONVERSION = YES;
				CLANG_WARN_CONSTANT_CONVERSION = YES;
				CLANG_WARN_DIRECT_OBJC_ISA_USAGE = YES_ERROR;
				CLANG_WARN_EMPTY_BODY = YES;
				CLANG_WARN_ENUM_CONVERSION = YES;
				CLANG_WARN_INT_CONVERSION = YES;
				CLANG_WARN_OBJC_ROOT_CLASS = YES_ERROR;
				CLANG_WARN__DUPLICATE_METHOD_MATCH = YES;
				"CODE_SIGN_IDENTITY[sdk=iphoneos*]" = "iPhone Developer";
				COPY_PHASE_STRIP = YES;
				ENABLE_NS_ASSERTIONS = NO;
				GCC_C_LANGUAGE_STANDARD = gnu99;
				GCC_WARN_64_TO_32_BIT_CONVERSION = YES;
				GCC_WARN_ABOUT_RETURN_TYPE = YES_ERROR;
				GCC_WARN_UNDECLARED_SELECTOR = YES;
				GCC_WARN_UNINITIALIZED_AUTOS = YES;
				GCC_WARN_UNUSED_FUNCTION = YES;
				GCC_WARN_UNUSED_VARIABLE = YES;
				IPHONEOS_DEPLOYMENT_TARGET = 7.0;
				SDKROOT = iphoneos;
				VALIDATE_PRODUCT = YES;
			};
			name = Release;
		};
		22F9350119DD5E5B00996122 /* Debug */ = {
			isa = XCBuildConfiguration;
			baseConfigurationReference = 5E583B3B03D649A69419F33C /* Pods.xcconfig */;
			buildSettings = {
				ASSETCATALOG_COMPILER_APPICON_NAME = AppIcon;
				ASSETCATALOG_COMPILER_LAUNCHIMAGE_NAME = LaunchImage;
				GCC_PRECOMPILE_PREFIX_HEADER = YES;
				GCC_PREFIX_HEADER = "ObjcBikeGps/ObjcBikeGps-Prefix.pch";
				INFOPLIST_FILE = "ObjcBikeGps/ObjcBikeGps-Info.plist";
				PRODUCT_NAME = "$(TARGET_NAME)";
				USER_HEADER_SEARCH_PATHS = "\"${PROJECT_DIR}/Pods\"/**";
				WRAPPER_EXTENSION = app;
			};
			name = Debug;
		};
		22F9350219DD5E5B00996122 /* Release */ = {
			isa = XCBuildConfiguration;
			baseConfigurationReference = 5E583B3B03D649A69419F33C /* Pods.xcconfig */;
			buildSettings = {
				ASSETCATALOG_COMPILER_APPICON_NAME = AppIcon;
				ASSETCATALOG_COMPILER_LAUNCHIMAGE_NAME = LaunchImage;
				GCC_PRECOMPILE_PREFIX_HEADER = YES;
				GCC_PREFIX_HEADER = "ObjcBikeGps/ObjcBikeGps-Prefix.pch";
				INFOPLIST_FILE = "ObjcBikeGps/ObjcBikeGps-Info.plist";
				PRODUCT_NAME = "$(TARGET_NAME)";
				USER_HEADER_SEARCH_PATHS = "\"${PROJECT_DIR}/Pods\"/**";
				WRAPPER_EXTENSION = app;
			};
			name = Release;
		};
		22F9350419DD5E5B00996122 /* Debug */ = {
			isa = XCBuildConfiguration;
			buildSettings = {
				ARCHS = "$(ARCHS_STANDARD_INCLUDING_64_BIT)";
				BUNDLE_LOADER = "$(BUILT_PRODUCTS_DIR)/ObjcBikeGps.app/ObjcBikeGps";
				FRAMEWORK_SEARCH_PATHS = (
					"$(SDKROOT)/Developer/Library/Frameworks",
					"$(inherited)",
					"$(DEVELOPER_FRAMEWORKS_DIR)",
				);
				GCC_PRECOMPILE_PREFIX_HEADER = YES;
				GCC_PREFIX_HEADER = "ObjcBikeGps/ObjcBikeGps-Prefix.pch";
				GCC_PREPROCESSOR_DEFINITIONS = (
					"DEBUG=1",
					"$(inherited)",
				);
				INFOPLIST_FILE = "ObjcBikeGpsTests/ObjcBikeGpsTests-Info.plist";
				PRODUCT_NAME = "$(TARGET_NAME)";
				TEST_HOST = "$(BUNDLE_LOADER)";
				WRAPPER_EXTENSION = xctest;
			};
			name = Debug;
		};
		22F9350519DD5E5B00996122 /* Release */ = {
			isa = XCBuildConfiguration;
			buildSettings = {
				ARCHS = "$(ARCHS_STANDARD_INCLUDING_64_BIT)";
				BUNDLE_LOADER = "$(BUILT_PRODUCTS_DIR)/ObjcBikeGps.app/ObjcBikeGps";
				FRAMEWORK_SEARCH_PATHS = (
					"$(SDKROOT)/Developer/Library/Frameworks",
					"$(inherited)",
					"$(DEVELOPER_FRAMEWORKS_DIR)",
				);
				GCC_PRECOMPILE_PREFIX_HEADER = YES;
				GCC_PREFIX_HEADER = "ObjcBikeGps/ObjcBikeGps-Prefix.pch";
				INFOPLIST_FILE = "ObjcBikeGpsTests/ObjcBikeGpsTests-Info.plist";
				PRODUCT_NAME = "$(TARGET_NAME)";
				TEST_HOST = "$(BUNDLE_LOADER)";
				WRAPPER_EXTENSION = xctest;
			};
			name = Release;
		};
/* End XCBuildConfiguration section */

/* Begin XCConfigurationList section */
		22F934C919DD5E5B00996122 /* Build configuration list for PBXProject "ObjcBikeGps" */ = {
			isa = XCConfigurationList;
			buildConfigurations = (
				22F934FE19DD5E5B00996122 /* Debug */,
				22F934FF19DD5E5B00996122 /* Release */,
			);
			defaultConfigurationIsVisible = 0;
			defaultConfigurationName = Release;
		};
		22F9350019DD5E5B00996122 /* Build configuration list for PBXNativeTarget "ObjcBikeGps" */ = {
			isa = XCConfigurationList;
			buildConfigurations = (
				22F9350119DD5E5B00996122 /* Debug */,
				22F9350219DD5E5B00996122 /* Release */,
			);
			defaultConfigurationIsVisible = 0;
			defaultConfigurationName = Release;
		};
		22F9350319DD5E5B00996122 /* Build configuration list for PBXNativeTarget "ObjcBikeGpsTests" */ = {
			isa = XCConfigurationList;
			buildConfigurations = (
				22F9350419DD5E5B00996122 /* Debug */,
				22F9350519DD5E5B00996122 /* Release */,
			);
			defaultConfigurationIsVisible = 0;
			defaultConfigurationName = Release;
		};
/* End XCConfigurationList section */
	};
	rootObject = 22F934C619DD5E5B00996122 /* Project object */;
}
