// !$*UTF8*$!
{
	archiveVersion = 1;
	classes = {
	};
	objectVersion = 46;
	objects = {

/* Begin PBXBuildFile section */
		22146EB11B6A855800CE0360 /* Tour-KLB-SB.gpx in Resources */ = {isa = PBXBuildFile; fileRef = 22146EB01B6A855800CE0360 /* Tour-KLB-SB.gpx */; };
		222DF3221B659056003410E7 /* Route-NrideHom-3.gpx in Resources */ = {isa = PBXBuildFile; fileRef = 222DF3061B659056003410E7 /* Route-NrideHom-3.gpx */; };
		222DF3231B659056003410E7 /* Route-pur-blau_blueColor.gpx in Resources */ = {isa = PBXBuildFile; fileRef = 222DF3071B659056003410E7 /* Route-pur-blau_blueColor.gpx */; };
		222DF3241B659056003410E7 /* Route-pur-gruen_greenColor.gpx in Resources */ = {isa = PBXBuildFile; fileRef = 222DF3081B659056003410E7 /* Route-pur-gruen_greenColor.gpx */; };
		222DF3251B659056003410E7 /* Trail-AmHomburg1.gpx in Resources */ = {isa = PBXBuildFile; fileRef = 222DF3091B659056003410E7 /* Trail-AmHomburg1.gpx */; };
		222DF3261B659056003410E7 /* Trail-Dudweiler1.gpx in Resources */ = {isa = PBXBuildFile; fileRef = 222DF30A1B659056003410E7 /* Trail-Dudweiler1.gpx */; };
		222DF3271B659056003410E7 /* Trail-HaldeCamphauserStrasse.gpx in Resources */ = {isa = PBXBuildFile; fileRef = 222DF30B1B659056003410E7 /* Trail-HaldeCamphauserStrasse.gpx */; };
		222DF3281B659056003410E7 /* Trail-KlbTrail.gpx in Resources */ = {isa = PBXBuildFile; fileRef = 222DF30C1B659056003410E7 /* Trail-KlbTrail.gpx */; };
		222DF3291B659056003410E7 /* Trail-Nauwies.gpx in Resources */ = {isa = PBXBuildFile; fileRef = 222DF30D1B659056003410E7 /* Trail-Nauwies.gpx */; };
		222DF32A1B659056003410E7 /* Trail-Nauwies2.gpx in Resources */ = {isa = PBXBuildFile; fileRef = 222DF30E1B659056003410E7 /* Trail-Nauwies2.gpx */; };
		222DF32B1B659056003410E7 /* Trail-Schwarzenberg1.gpx in Resources */ = {isa = PBXBuildFile; fileRef = 222DF30F1B659056003410E7 /* Trail-Schwarzenberg1.gpx */; };
		222DF32C1B659056003410E7 /* Trail-Schwarzenberg2.gpx in Resources */ = {isa = PBXBuildFile; fileRef = 222DF3101B659056003410E7 /* Trail-Schwarzenberg2.gpx */; };
		222DF32D1B659056003410E7 /* Trail-Schwarzenberg3.gpx in Resources */ = {isa = PBXBuildFile; fileRef = 222DF3111B659056003410E7 /* Trail-Schwarzenberg3.gpx */; };
		222DF32E1B659056003410E7 /* Trail-Schwarzenberg4.gpx in Resources */ = {isa = PBXBuildFile; fileRef = 222DF3121B659056003410E7 /* Trail-Schwarzenberg4.gpx */; };
		222DF32F1B659056003410E7 /* Trail-Schwarzenberg5.gpx in Resources */ = {isa = PBXBuildFile; fileRef = 222DF3131B659056003410E7 /* Trail-Schwarzenberg5.gpx */; };
		222DF3301B659056003410E7 /* Trail-Schwarzenberg6.gpx in Resources */ = {isa = PBXBuildFile; fileRef = 222DF3141B659056003410E7 /* Trail-Schwarzenberg6.gpx */; };
		222DF3311B659056003410E7 /* Trail-Schwarzenberg7.gpx in Resources */ = {isa = PBXBuildFile; fileRef = 222DF3151B659056003410E7 /* Trail-Schwarzenberg7.gpx */; };
		222DF3321B659056003410E7 /* Trail-Schwarzenberg8.gpx in Resources */ = {isa = PBXBuildFile; fileRef = 222DF3161B659056003410E7 /* Trail-Schwarzenberg8.gpx */; };
		222DF3331B659056003410E7 /* Trail-Schwarzenberg9.gpx in Resources */ = {isa = PBXBuildFile; fileRef = 222DF3171B659056003410E7 /* Trail-Schwarzenberg9.gpx */; };
		222DF3341B659056003410E7 /* Trail-Schwarzenberg10.gpx in Resources */ = {isa = PBXBuildFile; fileRef = 222DF3181B659056003410E7 /* Trail-Schwarzenberg10.gpx */; };
		222DF3351B659056003410E7 /* Trail-Schwarzenberg11.gpx in Resources */ = {isa = PBXBuildFile; fileRef = 222DF3191B659056003410E7 /* Trail-Schwarzenberg11.gpx */; };
		222DF3361B659056003410E7 /* Trail-Schwarzenberg12.gpx in Resources */ = {isa = PBXBuildFile; fileRef = 222DF31A1B659056003410E7 /* Trail-Schwarzenberg12.gpx */; };
		222DF3371B659056003410E7 /* Trail-Schwarzenberg13.gpx in Resources */ = {isa = PBXBuildFile; fileRef = 222DF31B1B659056003410E7 /* Trail-Schwarzenberg13.gpx */; };
		222DF3381B659056003410E7 /* Trail-Schwarzenberg14.gpx in Resources */ = {isa = PBXBuildFile; fileRef = 222DF31C1B659056003410E7 /* Trail-Schwarzenberg14.gpx */; };
		222DF3391B659056003410E7 /* Trail-Schwarzenberg15.gpx in Resources */ = {isa = PBXBuildFile; fileRef = 222DF31D1B659056003410E7 /* Trail-Schwarzenberg15.gpx */; };
		222DF33A1B659056003410E7 /* Trail-Sonnenberg-1-mittlerer-felsenweg.gpx in Resources */ = {isa = PBXBuildFile; fileRef = 222DF31E1B659056003410E7 /* Trail-Sonnenberg-1-mittlerer-felsenweg.gpx */; };
		222DF33B1B659056003410E7 /* Trail-Winterberg1.gpx in Resources */ = {isa = PBXBuildFile; fileRef = 222DF31F1B659056003410E7 /* Trail-Winterberg1.gpx */; };
		222DF33C1B659056003410E7 /* Trail.gpx in Resources */ = {isa = PBXBuildFile; fileRef = 222DF3201B659056003410E7 /* Trail.gpx */; };
		222DF3421B659976003410E7 /* Tour-Urwald.gpx in Resources */ = {isa = PBXBuildFile; fileRef = 222DF33F1B659976003410E7 /* Tour-Urwald.gpx */; };
		222DF3451B659B9E003410E7 /* TrailSpichern.gpx in Resources */ = {isa = PBXBuildFile; fileRef = 222DF3431B659B9E003410E7 /* TrailSpichern.gpx */; };
		222DF3461B659B9E003410E7 /* TrailSpichern2.gpx in Resources */ = {isa = PBXBuildFile; fileRef = 222DF3441B659B9E003410E7 /* TrailSpichern2.gpx */; };
		222DF34A1B659F41003410E7 /* TrailSpichern3.gpx in Resources */ = {isa = PBXBuildFile; fileRef = 222DF3491B659F41003410E7 /* TrailSpichern3.gpx */; };
		22ED409A1B68038800D3E297 /* Tour-Goettelborn.gpx in Resources */ = {isa = PBXBuildFile; fileRef = 22ED40991B68038800D3E297 /* Tour-Goettelborn.gpx */; };
		22F934D219DD5E5B00996122 /* Foundation.framework in Frameworks */ = {isa = PBXBuildFile; fileRef = 22F934D119DD5E5B00996122 /* Foundation.framework */; };
		22F934D419DD5E5B00996122 /* CoreGraphics.framework in Frameworks */ = {isa = PBXBuildFile; fileRef = 22F934D319DD5E5B00996122 /* CoreGraphics.framework */; };
		22F934D619DD5E5B00996122 /* UIKit.framework in Frameworks */ = {isa = PBXBuildFile; fileRef = 22F934D519DD5E5B00996122 /* UIKit.framework */; };
		22F934DC19DD5E5B00996122 /* InfoPlist.strings in Resources */ = {isa = PBXBuildFile; fileRef = 22F934DA19DD5E5B00996122 /* InfoPlist.strings */; };
		22F934DE19DD5E5B00996122 /* main.m in Sources */ = {isa = PBXBuildFile; fileRef = 22F934DD19DD5E5B00996122 /* main.m */; };
		22F934E219DD5E5B00996122 /* PSAppDelegate.m in Sources */ = {isa = PBXBuildFile; fileRef = 22F934E119DD5E5B00996122 /* PSAppDelegate.m */; };
		22F934EA19DD5E5B00996122 /* Images.xcassets in Resources */ = {isa = PBXBuildFile; fileRef = 22F934E919DD5E5B00996122 /* Images.xcassets */; };
		22F934F119DD5E5B00996122 /* XCTest.framework in Frameworks */ = {isa = PBXBuildFile; fileRef = 22F934F019DD5E5B00996122 /* XCTest.framework */; };
		22F934F219DD5E5B00996122 /* Foundation.framework in Frameworks */ = {isa = PBXBuildFile; fileRef = 22F934D119DD5E5B00996122 /* Foundation.framework */; };
		22F934F319DD5E5B00996122 /* UIKit.framework in Frameworks */ = {isa = PBXBuildFile; fileRef = 22F934D519DD5E5B00996122 /* UIKit.framework */; };
		22F934FB19DD5E5B00996122 /* InfoPlist.strings in Resources */ = {isa = PBXBuildFile; fileRef = 22F934F919DD5E5B00996122 /* InfoPlist.strings */; };
		22F934FD19DD5E5B00996122 /* ObjcBikeGpsTests.m in Sources */ = {isa = PBXBuildFile; fileRef = 22F934FC19DD5E5B00996122 /* ObjcBikeGpsTests.m */; };
		22F9350719DD5FFB00996122 /* MapKit.framework in Frameworks */ = {isa = PBXBuildFile; fileRef = 22F9350619DD5FFB00996122 /* MapKit.framework */; };
		22F9350919DD624800996122 /* CoreLocation.framework in Frameworks */ = {isa = PBXBuildFile; fileRef = 22F9350819DD624800996122 /* CoreLocation.framework */; };
		4A0E71C51C32EDFA00BCF6B8 /* Launch Screen.storyboard in Resources */ = {isa = PBXBuildFile; fileRef = 4A0E71C41C32EDFA00BCF6B8 /* Launch Screen.storyboard */; };
		4A0E71E01C32EE8200BCF6B8 /* 1064-layers-4.png in Resources */ = {isa = PBXBuildFile; fileRef = 4A0E71C71C32EE8200BCF6B8 /* 1064-layers-4.png */; };
		4A0E71E11C32EE8200BCF6B8 /* 1064-layers-4@2x.png in Resources */ = {isa = PBXBuildFile; fileRef = 4A0E71C81C32EE8200BCF6B8 /* 1064-layers-4@2x.png */; };
		4A0E71E21C32EE8200BCF6B8 /* 1064-layers-4@3x.png in Resources */ = {isa = PBXBuildFile; fileRef = 4A0E71C91C32EE8200BCF6B8 /* 1064-layers-4@3x.png */; };
		4A0E71E31C32EE8200BCF6B8 /* 1100-list-2-toolbar.png in Resources */ = {isa = PBXBuildFile; fileRef = 4A0E71CA1C32EE8200BCF6B8 /* 1100-list-2-toolbar.png */; };
		4A0E71E41C32EE8200BCF6B8 /* 1100-list-2-toolbar@2x.png in Resources */ = {isa = PBXBuildFile; fileRef = 4A0E71CB1C32EE8200BCF6B8 /* 1100-list-2-toolbar@2x.png */; };
		4A0E71E51C32EE8200BCF6B8 /* 1100-list-2-toolbar@3x.png in Resources */ = {isa = PBXBuildFile; fileRef = 4A0E71CC1C32EE8200BCF6B8 /* 1100-list-2-toolbar@3x.png */; };
		4A0E71E61C32EE8200BCF6B8 /* 1435537202_54.png in Resources */ = {isa = PBXBuildFile; fileRef = 4A0E71CD1C32EE8200BCF6B8 /* 1435537202_54.png */; };
		4A0E71E71C32EE8200BCF6B8 /* 512px-Viewpoint-16.svg.png in Resources */ = {isa = PBXBuildFile; fileRef = 4A0E71CE1C32EE8200BCF6B8 /* 512px-Viewpoint-16.svg.png */; };
		4A0E71E81C32EE8200BCF6B8 /* 760-refresh-3.png in Resources */ = {isa = PBXBuildFile; fileRef = 4A0E71CF1C32EE8200BCF6B8 /* 760-refresh-3.png */; };
		4A0E71E91C32EE8200BCF6B8 /* 760-refresh-3@2x.png in Resources */ = {isa = PBXBuildFile; fileRef = 4A0E71D01C32EE8200BCF6B8 /* 760-refresh-3@2x.png */; };
		4A0E71EA1C32EE8200BCF6B8 /* 760-refresh-3@3x.png in Resources */ = {isa = PBXBuildFile; fileRef = 4A0E71D11C32EE8200BCF6B8 /* 760-refresh-3@3x.png */; };
		4A0E71EB1C32EE8200BCF6B8 /* 798-filter-toolbar.png in Resources */ = {isa = PBXBuildFile; fileRef = 4A0E71D21C32EE8200BCF6B8 /* 798-filter-toolbar.png */; };
		4A0E71EC1C32EE8200BCF6B8 /* 798-filter-toolbar@2x.png in Resources */ = {isa = PBXBuildFile; fileRef = 4A0E71D31C32EE8200BCF6B8 /* 798-filter-toolbar@2x.png */; };
		4A0E71ED1C32EE8200BCF6B8 /* 798-filter-toolbar@3x.png in Resources */ = {isa = PBXBuildFile; fileRef = 4A0E71D41C32EE8200BCF6B8 /* 798-filter-toolbar@3x.png */; };
		4A0E71EE1C32EE8200BCF6B8 /* 852-map-toolbar.png in Resources */ = {isa = PBXBuildFile; fileRef = 4A0E71D51C32EE8200BCF6B8 /* 852-map-toolbar.png */; };
		4A0E71EF1C32EE8200BCF6B8 /* 852-map-toolbar@2x.png in Resources */ = {isa = PBXBuildFile; fileRef = 4A0E71D61C32EE8200BCF6B8 /* 852-map-toolbar@2x.png */; };
		4A0E71F01C32EE8200BCF6B8 /* 852-map-toolbar@3x.png in Resources */ = {isa = PBXBuildFile; fileRef = 4A0E71D71C32EE8200BCF6B8 /* 852-map-toolbar@3x.png */; };
		4A0E71F11C32EE8200BCF6B8 /* 854-list-toolbar-selected.png in Resources */ = {isa = PBXBuildFile; fileRef = 4A0E71D81C32EE8200BCF6B8 /* 854-list-toolbar-selected.png */; };
		4A0E71F21C32EE8200BCF6B8 /* 854-list-toolbar-selected@2x.png in Resources */ = {isa = PBXBuildFile; fileRef = 4A0E71D91C32EE8200BCF6B8 /* 854-list-toolbar-selected@2x.png */; };
		4A0E71F31C32EE8200BCF6B8 /* 854-list-toolbar-selected@3x.png in Resources */ = {isa = PBXBuildFile; fileRef = 4A0E71DA1C32EE8200BCF6B8 /* 854-list-toolbar-selected@3x.png */; };
		4A0E71F41C32EE8200BCF6B8 /* Emergency_access_point.png in Resources */ = {isa = PBXBuildFile; fileRef = 4A0E71DB1C32EE8200BCF6B8 /* Emergency_access_point.png */; };
		4A0E71F51C32EE8200BCF6B8 /* Emergeny.png in Resources */ = {isa = PBXBuildFile; fileRef = 4A0E71DC1C32EE8200BCF6B8 /* Emergeny.png */; };
		4A0E71F61C32EE8200BCF6B8 /* gray-1061-golf-shot@2x.png in Resources */ = {isa = PBXBuildFile; fileRef = 4A0E71DD1C32EE8200BCF6B8 /* gray-1061-golf-shot@2x.png */; };
		4A0E71F71C32EE8200BCF6B8 /* gray-940-pin@2x.png in Resources */ = {isa = PBXBuildFile; fileRef = 4A0E71DE1C32EE8200BCF6B8 /* gray-940-pin@2x.png */; };
		4A0E71F81C32EE8200BCF6B8 /* white-193-location-arrow@2x.png in Resources */ = {isa = PBXBuildFile; fileRef = 4A0E71DF1C32EE8200BCF6B8 /* white-193-location-arrow@2x.png */; };
		4A0E71FA1C32EEF400BCF6B8 /* Tour-t1387067_Sieben-Weiher-Tour.gpx in Resources */ = {isa = PBXBuildFile; fileRef = 4A0E71F91C32EEF400BCF6B8 /* Tour-t1387067_Sieben-Weiher-Tour.gpx */; };
		4A0E720A1C34817900BCF6B8 /* Icon-29.png in Resources */ = {isa = PBXBuildFile; fileRef = 4A0E71FF1C34817900BCF6B8 /* Icon-29.png */; };
		4A0E720B1C34817900BCF6B8 /* Icon-29@2x.png in Resources */ = {isa = PBXBuildFile; fileRef = 4A0E72001C34817900BCF6B8 /* Icon-29@2x.png */; };
		4A0E720C1C34817900BCF6B8 /* Icon-29@3x.png in Resources */ = {isa = PBXBuildFile; fileRef = 4A0E72011C34817900BCF6B8 /* Icon-29@3x.png */; };
		4A0E720D1C34817900BCF6B8 /* Icon-40.png in Resources */ = {isa = PBXBuildFile; fileRef = 4A0E72021C34817900BCF6B8 /* Icon-40.png */; };
		4A0E720E1C34817900BCF6B8 /* Icon-40@2x.png in Resources */ = {isa = PBXBuildFile; fileRef = 4A0E72031C34817900BCF6B8 /* Icon-40@2x.png */; };
		4A0E720F1C34817900BCF6B8 /* Icon-40@3x.png in Resources */ = {isa = PBXBuildFile; fileRef = 4A0E72041C34817900BCF6B8 /* Icon-40@3x.png */; };
		4A0E72101C34817900BCF6B8 /* Icon-60@2x.png in Resources */ = {isa = PBXBuildFile; fileRef = 4A0E72051C34817900BCF6B8 /* Icon-60@2x.png */; };
		4A0E72111C34817900BCF6B8 /* Icon-60@3x.png in Resources */ = {isa = PBXBuildFile; fileRef = 4A0E72061C34817900BCF6B8 /* Icon-60@3x.png */; };
		4A0E72121C34817900BCF6B8 /* Icon-76.png in Resources */ = {isa = PBXBuildFile; fileRef = 4A0E72071C34817900BCF6B8 /* Icon-76.png */; };
		4A0E72131C34817900BCF6B8 /* Icon-76@2x.png in Resources */ = {isa = PBXBuildFile; fileRef = 4A0E72081C34817900BCF6B8 /* Icon-76@2x.png */; };
		4A0E72141C34817900BCF6B8 /* iTunesArtwork@2x.png in Resources */ = {isa = PBXBuildFile; fileRef = 4A0E72091C34817900BCF6B8 /* iTunesArtwork@2x.png */; };
		67B4038CA92E902FFA829A1E /* PSTrack.m in Sources */ = {isa = PBXBuildFile; fileRef = 67B40F0FAC4FD5F8B39E04F3 /* PSTrack.m */; };
		67B40644E96BB7EC796E48D0 /* PSTrackOverlay.m in Sources */ = {isa = PBXBuildFile; fileRef = 67B40B684DF64CED8EC0087A /* PSTrackOverlay.m */; };
		67B407FEDC81B61A9C5B8007 /* PSMapLocationManager.m in Sources */ = {isa = PBXBuildFile; fileRef = 67B40B2C6B54957DD6B3655B /* PSMapLocationManager.m */; };
		67B40934B52D328D61594741 /* PSMainMenuViewController.m in Sources */ = {isa = PBXBuildFile; fileRef = 67B40B261007D148CAFF0D04 /* PSMainMenuViewController.m */; };
		67B40A579841A511938CC370 /* PSTrackRenderer.m in Sources */ = {isa = PBXBuildFile; fileRef = 67B408F6C3063F7CA38035D1 /* PSTrackRenderer.m */; };
		67B40C6DB378988C0D7BC3A9 /* PSTrackStore.m in Sources */ = {isa = PBXBuildFile; fileRef = 67B40512E50237F1430426F8 /* PSTrackStore.m */; };
		7E00DAE2DCD044FA91CCAE5F /* libPods.a in Frameworks */ = {isa = PBXBuildFile; fileRef = 18CF6413E1014CC8A7CDA52D /* libPods.a */; };
		E5F160409C4C7CD1A7D28947 /* PSMapBoxLightTileOverlay.m in Sources */ = {isa = PBXBuildFile; fileRef = E5F16D4E25AC86ABE31C30F2 /* PSMapBoxLightTileOverlay.m */; };
		E5F1604BE45C5CE367EC6BFC /* PSSettingsViewController.m in Sources */ = {isa = PBXBuildFile; fileRef = E5F16CB73DB1DCAFA0C881B7 /* PSSettingsViewController.m */; };
		E5F161CA1D7F283F98B2BDA3 /* PSViewController.m in Sources */ = {isa = PBXBuildFile; fileRef = E5F16DD8436255C132C9F80A /* PSViewController.m */; };
		E5F1622D239E5F9DFB95336E /* PSWayPointAnnotation.m in Sources */ = {isa = PBXBuildFile; fileRef = E5F1603AD61C55A434A21E15 /* PSWayPointAnnotation.m */; };
		E5F1624D1324D29A29A565C6 /* PSTrackViewController.m in Sources */ = {isa = PBXBuildFile; fileRef = E5F16D4AC1785A59522E963F /* PSTrackViewController.m */; };
		E5F162977BEA29990CEEE98E /* PSAppleHybridTileOverlay.m in Sources */ = {isa = PBXBuildFile; fileRef = E5F1655E9E7D468585EE42F8 /* PSAppleHybridTileOverlay.m */; };
		E5F163365A77926C4AF5CA54 /* PSGpxParser.m in Sources */ = {isa = PBXBuildFile; fileRef = E5F16DC8E762580B653758D0 /* PSGpxParser.m */; };
		E5F163569E08314CAB90F17D /* PSTileOverlayRender.m in Sources */ = {isa = PBXBuildFile; fileRef = E5F16CF121AFB03203C226C5 /* PSTileOverlayRender.m */; };
		E5F163FB2E365B399585C067 /* MKMapView+PSTilesInMapRect.m in Sources */ = {isa = PBXBuildFile; fileRef = E5F1610D7F20638D9792FC80 /* MKMapView+PSTilesInMapRect.m */; };
		E5F1645416730CCBD86C0E31 /* PSGraphViewController.m in Sources */ = {isa = PBXBuildFile; fileRef = E5F16F94BA02FB00F322D9FD /* PSGraphViewController.m */; };
		E5F164BF4A230E9FB40BE694 /* PSLocationManager.m in Sources */ = {isa = PBXBuildFile; fileRef = E5F168D18BAEFFB2B0598F52 /* PSLocationManager.m */; };
		E5F165B8F30797CD65377187 /* PSDirectionAnnotation.m in Sources */ = {isa = PBXBuildFile; fileRef = E5F16E6D979D69546BE2261B /* PSDirectionAnnotation.m */; };
		E5F166051E8262FB29BB9D8C /* PSTracksViewController.m in Sources */ = {isa = PBXBuildFile; fileRef = E5F16C8FC429FFB94D53B8B3 /* PSTracksViewController.m */; };
		E5F166DDF48AFCFA4C0CBA05 /* PSDistanceAnnotation.m in Sources */ = {isa = PBXBuildFile; fileRef = E5F16A474E04F9B9B89A1ED5 /* PSDistanceAnnotation.m */; };
		E5F167A555E360562AEC80A1 /* PSPoiStore.m in Sources */ = {isa = PBXBuildFile; fileRef = E5F16218C30DFB97749F17A0 /* PSPoiStore.m */; };
		E5F16855BA60D3E59BA00A89 /* PSAppleDefaultTileOverlay.m in Sources */ = {isa = PBXBuildFile; fileRef = E5F16EA9AAD617548DEDF856 /* PSAppleDefaultTileOverlay.m */; };
		E5F16985AA7E68281208CABC /* PSMapBoxRunBikeHikeTileOverlay.m in Sources */ = {isa = PBXBuildFile; fileRef = E5F165DB082F4490B7172551 /* PSMapBoxRunBikeHikeTileOverlay.m */; };
		E5F16A6C5FA520C4966460A2 /* PSMapBoxHighContrastTileOverlay.m in Sources */ = {isa = PBXBuildFile; fileRef = E5F16421E9C0906A48FF3B2F /* PSMapBoxHighContrastTileOverlay.m */; };
		E5F16AB51767814071777DA4 /* PSTileOverlay.m in Sources */ = {isa = PBXBuildFile; fileRef = E5F1637FA2C9346B8A9FBED6 /* PSTileOverlay.m */; };
		E5F16B120607C41DEB8D16B4 /* PSMapViewController.m in Sources */ = {isa = PBXBuildFile; fileRef = E5F16894BC25953F932B2F87 /* PSMapViewController.m */; };
		E5F16BF1544241FCC9E5D536 /* PSOpenCycleMapTileOverlay.m in Sources */ = {isa = PBXBuildFile; fileRef = E5F166591FB41C11AFFC7976 /* PSOpenCycleMapTileOverlay.m */; };
		E5F16CE353FA42E547F213AE /* PSMapBoxTileOverlay.m in Sources */ = {isa = PBXBuildFile; fileRef = E5F16133AE9565B510C0DC19 /* PSMapBoxTileOverlay.m */; };
		E5F16D7065DC9CBC6BDCDBE3 /* PSPoi.m in Sources */ = {isa = PBXBuildFile; fileRef = E5F1624DEDD2116473F93EC7 /* PSPoi.m */; };
		E5F16E0A5F6C8F534BCBF0FD /* PSMapBoxDarkTileOverlay.m in Sources */ = {isa = PBXBuildFile; fileRef = E5F1632D101D4D0933B0DC27 /* PSMapBoxDarkTileOverlay.m */; };
		E5F16E2B7CA0D098C1E60145 /* PSAppleSatelliteTileOverlay.m in Sources */ = {isa = PBXBuildFile; fileRef = E5F165ABAAB7D8EA74023332 /* PSAppleSatelliteTileOverlay.m */; };
		E5F16E878E2F28197226B48A /* MKMapView+PSZoomLevel.m in Sources */ = {isa = PBXBuildFile; fileRef = E5F169D6A9E0A35F6962830F /* MKMapView+PSZoomLevel.m */; };
		E5F16F1A94E8F4633532BB23 /* PSOpenStreetMapTileOverlay.m in Sources */ = {isa = PBXBuildFile; fileRef = E5F16983E85E79D7F9EEDF0C /* PSOpenStreetMapTileOverlay.m */; };
		E5F16F73FCBAA8668DAA43A6 /* PSMapBoxCustomTileOverlay.m in Sources */ = {isa = PBXBuildFile; fileRef = E5F165AB5D99134DF7E0EA0C /* PSMapBoxCustomTileOverlay.m */; };
		E5F16F988F8F3116A60FE44B /* PSHillShadingTileOverlay.m in Sources */ = {isa = PBXBuildFile; fileRef = E5F16F8FEA1FA1B5EF4692ED /* PSHillShadingTileOverlay.m */; };
/* End PBXBuildFile section */

/* Begin PBXContainerItemProxy section */
		22F934F419DD5E5B00996122 /* PBXContainerItemProxy */ = {
			isa = PBXContainerItemProxy;
			containerPortal = 22F934C619DD5E5B00996122 /* Project object */;
			proxyType = 1;
			remoteGlobalIDString = 22F934CD19DD5E5B00996122;
			remoteInfo = ObjcBikeGps;
		};
/* End PBXContainerItemProxy section */

/* Begin PBXFileReference section */
		18CF6413E1014CC8A7CDA52D /* libPods.a */ = {isa = PBXFileReference; explicitFileType = archive.ar; includeInIndex = 0; path = libPods.a; sourceTree = BUILT_PRODUCTS_DIR; };
		22146EB01B6A855800CE0360 /* Tour-KLB-SB.gpx */ = {isa = PBXFileReference; fileEncoding = 4; lastKnownFileType = text.xml; name = "Tour-KLB-SB.gpx"; path = "SampleData/Tour-KLB-SB.gpx"; sourceTree = SOURCE_ROOT; };
		222DF3061B659056003410E7 /* Route-NrideHom-3.gpx */ = {isa = PBXFileReference; fileEncoding = 4; lastKnownFileType = text.xml; name = "Route-NrideHom-3.gpx"; path = "SampleData/Route-NrideHom-3.gpx"; sourceTree = SOURCE_ROOT; };
		222DF3071B659056003410E7 /* Route-pur-blau_blueColor.gpx */ = {isa = PBXFileReference; fileEncoding = 4; lastKnownFileType = text.xml; name = "Route-pur-blau_blueColor.gpx"; path = "SampleData/Route-pur-blau_blueColor.gpx"; sourceTree = SOURCE_ROOT; };
		222DF3081B659056003410E7 /* Route-pur-gruen_greenColor.gpx */ = {isa = PBXFileReference; fileEncoding = 4; lastKnownFileType = text.xml; name = "Route-pur-gruen_greenColor.gpx"; path = "SampleData/Route-pur-gruen_greenColor.gpx"; sourceTree = SOURCE_ROOT; };
		222DF3091B659056003410E7 /* Trail-AmHomburg1.gpx */ = {isa = PBXFileReference; fileEncoding = 4; lastKnownFileType = text.xml; name = "Trail-AmHomburg1.gpx"; path = "SampleData/Trail-AmHomburg1.gpx"; sourceTree = SOURCE_ROOT; };
		222DF30A1B659056003410E7 /* Trail-Dudweiler1.gpx */ = {isa = PBXFileReference; fileEncoding = 4; lastKnownFileType = text.xml; name = "Trail-Dudweiler1.gpx"; path = "SampleData/Trail-Dudweiler1.gpx"; sourceTree = SOURCE_ROOT; };
		222DF30B1B659056003410E7 /* Trail-HaldeCamphauserStrasse.gpx */ = {isa = PBXFileReference; fileEncoding = 4; lastKnownFileType = text.xml; name = "Trail-HaldeCamphauserStrasse.gpx"; path = "SampleData/Trail-HaldeCamphauserStrasse.gpx"; sourceTree = SOURCE_ROOT; };
		222DF30C1B659056003410E7 /* Trail-KlbTrail.gpx */ = {isa = PBXFileReference; fileEncoding = 4; lastKnownFileType = text.xml; name = "Trail-KlbTrail.gpx"; path = "SampleData/Trail-KlbTrail.gpx"; sourceTree = SOURCE_ROOT; };
		222DF30D1B659056003410E7 /* Trail-Nauwies.gpx */ = {isa = PBXFileReference; fileEncoding = 4; lastKnownFileType = text.xml; name = "Trail-Nauwies.gpx"; path = "SampleData/Trail-Nauwies.gpx"; sourceTree = SOURCE_ROOT; };
		222DF30E1B659056003410E7 /* Trail-Nauwies2.gpx */ = {isa = PBXFileReference; fileEncoding = 4; lastKnownFileType = text.xml; name = "Trail-Nauwies2.gpx"; path = "SampleData/Trail-Nauwies2.gpx"; sourceTree = SOURCE_ROOT; };
		222DF30F1B659056003410E7 /* Trail-Schwarzenberg1.gpx */ = {isa = PBXFileReference; fileEncoding = 4; lastKnownFileType = text.xml; name = "Trail-Schwarzenberg1.gpx"; path = "SampleData/Trail-Schwarzenberg1.gpx"; sourceTree = SOURCE_ROOT; };
		222DF3101B659056003410E7 /* Trail-Schwarzenberg2.gpx */ = {isa = PBXFileReference; fileEncoding = 4; lastKnownFileType = text.xml; name = "Trail-Schwarzenberg2.gpx"; path = "SampleData/Trail-Schwarzenberg2.gpx"; sourceTree = SOURCE_ROOT; };
		222DF3111B659056003410E7 /* Trail-Schwarzenberg3.gpx */ = {isa = PBXFileReference; fileEncoding = 4; lastKnownFileType = text.xml; name = "Trail-Schwarzenberg3.gpx"; path = "SampleData/Trail-Schwarzenberg3.gpx"; sourceTree = SOURCE_ROOT; };
		222DF3121B659056003410E7 /* Trail-Schwarzenberg4.gpx */ = {isa = PBXFileReference; fileEncoding = 4; lastKnownFileType = text.xml; name = "Trail-Schwarzenberg4.gpx"; path = "SampleData/Trail-Schwarzenberg4.gpx"; sourceTree = SOURCE_ROOT; };
		222DF3131B659056003410E7 /* Trail-Schwarzenberg5.gpx */ = {isa = PBXFileReference; fileEncoding = 4; lastKnownFileType = text.xml; name = "Trail-Schwarzenberg5.gpx"; path = "SampleData/Trail-Schwarzenberg5.gpx"; sourceTree = SOURCE_ROOT; };
		222DF3141B659056003410E7 /* Trail-Schwarzenberg6.gpx */ = {isa = PBXFileReference; fileEncoding = 4; lastKnownFileType = text.xml; name = "Trail-Schwarzenberg6.gpx"; path = "SampleData/Trail-Schwarzenberg6.gpx"; sourceTree = SOURCE_ROOT; };
		222DF3151B659056003410E7 /* Trail-Schwarzenberg7.gpx */ = {isa = PBXFileReference; fileEncoding = 4; lastKnownFileType = text.xml; name = "Trail-Schwarzenberg7.gpx"; path = "SampleData/Trail-Schwarzenberg7.gpx"; sourceTree = SOURCE_ROOT; };
		222DF3161B659056003410E7 /* Trail-Schwarzenberg8.gpx */ = {isa = PBXFileReference; fileEncoding = 4; lastKnownFileType = text.xml; name = "Trail-Schwarzenberg8.gpx"; path = "SampleData/Trail-Schwarzenberg8.gpx"; sourceTree = SOURCE_ROOT; };
		222DF3171B659056003410E7 /* Trail-Schwarzenberg9.gpx */ = {isa = PBXFileReference; fileEncoding = 4; lastKnownFileType = text.xml; name = "Trail-Schwarzenberg9.gpx"; path = "SampleData/Trail-Schwarzenberg9.gpx"; sourceTree = SOURCE_ROOT; };
		222DF3181B659056003410E7 /* Trail-Schwarzenberg10.gpx */ = {isa = PBXFileReference; fileEncoding = 4; lastKnownFileType = text.xml; name = "Trail-Schwarzenberg10.gpx"; path = "SampleData/Trail-Schwarzenberg10.gpx"; sourceTree = SOURCE_ROOT; };
		222DF3191B659056003410E7 /* Trail-Schwarzenberg11.gpx */ = {isa = PBXFileReference; fileEncoding = 4; lastKnownFileType = text.xml; name = "Trail-Schwarzenberg11.gpx"; path = "SampleData/Trail-Schwarzenberg11.gpx"; sourceTree = SOURCE_ROOT; };
		222DF31A1B659056003410E7 /* Trail-Schwarzenberg12.gpx */ = {isa = PBXFileReference; fileEncoding = 4; lastKnownFileType = text.xml; name = "Trail-Schwarzenberg12.gpx"; path = "SampleData/Trail-Schwarzenberg12.gpx"; sourceTree = SOURCE_ROOT; };
		222DF31B1B659056003410E7 /* Trail-Schwarzenberg13.gpx */ = {isa = PBXFileReference; fileEncoding = 4; lastKnownFileType = text.xml; name = "Trail-Schwarzenberg13.gpx"; path = "SampleData/Trail-Schwarzenberg13.gpx"; sourceTree = SOURCE_ROOT; };
		222DF31C1B659056003410E7 /* Trail-Schwarzenberg14.gpx */ = {isa = PBXFileReference; fileEncoding = 4; lastKnownFileType = text.xml; name = "Trail-Schwarzenberg14.gpx"; path = "SampleData/Trail-Schwarzenberg14.gpx"; sourceTree = SOURCE_ROOT; };
		222DF31D1B659056003410E7 /* Trail-Schwarzenberg15.gpx */ = {isa = PBXFileReference; fileEncoding = 4; lastKnownFileType = text.xml; name = "Trail-Schwarzenberg15.gpx"; path = "SampleData/Trail-Schwarzenberg15.gpx"; sourceTree = SOURCE_ROOT; };
		222DF31E1B659056003410E7 /* Trail-Sonnenberg-1-mittlerer-felsenweg.gpx */ = {isa = PBXFileReference; fileEncoding = 4; lastKnownFileType = text.xml; name = "Trail-Sonnenberg-1-mittlerer-felsenweg.gpx"; path = "SampleData/Trail-Sonnenberg-1-mittlerer-felsenweg.gpx"; sourceTree = SOURCE_ROOT; };
		222DF31F1B659056003410E7 /* Trail-Winterberg1.gpx */ = {isa = PBXFileReference; fileEncoding = 4; lastKnownFileType = text.xml; name = "Trail-Winterberg1.gpx"; path = "SampleData/Trail-Winterberg1.gpx"; sourceTree = SOURCE_ROOT; };
		222DF3201B659056003410E7 /* Trail.gpx */ = {isa = PBXFileReference; fileEncoding = 4; lastKnownFileType = text.xml; name = Trail.gpx; path = SampleData/Trail.gpx; sourceTree = SOURCE_ROOT; };
		222DF33F1B659976003410E7 /* Tour-Urwald.gpx */ = {isa = PBXFileReference; fileEncoding = 4; lastKnownFileType = text.xml; name = "Tour-Urwald.gpx"; path = "SampleData/Tour-Urwald.gpx"; sourceTree = SOURCE_ROOT; };
		222DF3431B659B9E003410E7 /* TrailSpichern.gpx */ = {isa = PBXFileReference; fileEncoding = 4; lastKnownFileType = text.xml; name = TrailSpichern.gpx; path = SampleData/TrailSpichern.gpx; sourceTree = SOURCE_ROOT; };
		222DF3441B659B9E003410E7 /* TrailSpichern2.gpx */ = {isa = PBXFileReference; fileEncoding = 4; lastKnownFileType = text.xml; name = TrailSpichern2.gpx; path = SampleData/TrailSpichern2.gpx; sourceTree = SOURCE_ROOT; };
		222DF3491B659F41003410E7 /* TrailSpichern3.gpx */ = {isa = PBXFileReference; fileEncoding = 4; lastKnownFileType = text.xml; name = TrailSpichern3.gpx; path = SampleData/TrailSpichern3.gpx; sourceTree = SOURCE_ROOT; };
		22ED40991B68038800D3E297 /* Tour-Goettelborn.gpx */ = {isa = PBXFileReference; fileEncoding = 4; lastKnownFileType = text.xml; name = "Tour-Goettelborn.gpx"; path = "SampleData/Tour-Goettelborn.gpx"; sourceTree = SOURCE_ROOT; };
		22F934CE19DD5E5B00996122 /* ObjcBikeGps.app */ = {isa = PBXFileReference; explicitFileType = wrapper.application; includeInIndex = 0; path = ObjcBikeGps.app; sourceTree = BUILT_PRODUCTS_DIR; };
		22F934D119DD5E5B00996122 /* Foundation.framework */ = {isa = PBXFileReference; lastKnownFileType = wrapper.framework; name = Foundation.framework; path = System/Library/Frameworks/Foundation.framework; sourceTree = SDKROOT; };
		22F934D319DD5E5B00996122 /* CoreGraphics.framework */ = {isa = PBXFileReference; lastKnownFileType = wrapper.framework; name = CoreGraphics.framework; path = System/Library/Frameworks/CoreGraphics.framework; sourceTree = SDKROOT; };
		22F934D519DD5E5B00996122 /* UIKit.framework */ = {isa = PBXFileReference; lastKnownFileType = wrapper.framework; name = UIKit.framework; path = System/Library/Frameworks/UIKit.framework; sourceTree = SDKROOT; };
		22F934D919DD5E5B00996122 /* ObjcBikeGps-Info.plist */ = {isa = PBXFileReference; lastKnownFileType = text.plist.xml; path = "ObjcBikeGps-Info.plist"; sourceTree = "<group>"; };
		22F934DB19DD5E5B00996122 /* en */ = {isa = PBXFileReference; lastKnownFileType = text.plist.strings; name = en; path = en.lproj/InfoPlist.strings; sourceTree = "<group>"; };
		22F934DD19DD5E5B00996122 /* main.m */ = {isa = PBXFileReference; lastKnownFileType = sourcecode.c.objc; path = main.m; sourceTree = "<group>"; };
		22F934DF19DD5E5B00996122 /* ObjcBikeGps-Prefix.pch */ = {isa = PBXFileReference; lastKnownFileType = sourcecode.c.h; path = "ObjcBikeGps-Prefix.pch"; sourceTree = "<group>"; };
		22F934E019DD5E5B00996122 /* PSAppDelegate.h */ = {isa = PBXFileReference; lastKnownFileType = sourcecode.c.h; path = PSAppDelegate.h; sourceTree = "<group>"; };
		22F934E119DD5E5B00996122 /* PSAppDelegate.m */ = {isa = PBXFileReference; lastKnownFileType = sourcecode.c.objc; path = PSAppDelegate.m; sourceTree = "<group>"; };
		22F934E919DD5E5B00996122 /* Images.xcassets */ = {isa = PBXFileReference; lastKnownFileType = folder.assetcatalog; path = Images.xcassets; sourceTree = "<group>"; };
		22F934EF19DD5E5B00996122 /* ObjcBikeGpsTests.xctest */ = {isa = PBXFileReference; explicitFileType = wrapper.cfbundle; includeInIndex = 0; path = ObjcBikeGpsTests.xctest; sourceTree = BUILT_PRODUCTS_DIR; };
		22F934F019DD5E5B00996122 /* XCTest.framework */ = {isa = PBXFileReference; lastKnownFileType = wrapper.framework; name = XCTest.framework; path = Library/Frameworks/XCTest.framework; sourceTree = DEVELOPER_DIR; };
		22F934F819DD5E5B00996122 /* ObjcBikeGpsTests-Info.plist */ = {isa = PBXFileReference; lastKnownFileType = text.plist.xml; path = "ObjcBikeGpsTests-Info.plist"; sourceTree = "<group>"; };
		22F934FA19DD5E5B00996122 /* en */ = {isa = PBXFileReference; lastKnownFileType = text.plist.strings; name = en; path = en.lproj/InfoPlist.strings; sourceTree = "<group>"; };
		22F934FC19DD5E5B00996122 /* ObjcBikeGpsTests.m */ = {isa = PBXFileReference; lastKnownFileType = sourcecode.c.objc; path = ObjcBikeGpsTests.m; sourceTree = "<group>"; };
		22F9350619DD5FFB00996122 /* MapKit.framework */ = {isa = PBXFileReference; lastKnownFileType = wrapper.framework; name = MapKit.framework; path = System/Library/Frameworks/MapKit.framework; sourceTree = SDKROOT; };
		22F9350819DD624800996122 /* CoreLocation.framework */ = {isa = PBXFileReference; lastKnownFileType = wrapper.framework; name = CoreLocation.framework; path = System/Library/Frameworks/CoreLocation.framework; sourceTree = SDKROOT; };
		292651F264F523FCBBD71335 /* Pods.debug.xcconfig */ = {isa = PBXFileReference; includeInIndex = 1; lastKnownFileType = text.xcconfig; name = Pods.debug.xcconfig; path = "Pods/Target Support Files/Pods/Pods.debug.xcconfig"; sourceTree = "<group>"; };
		4A0E71C41C32EDFA00BCF6B8 /* Launch Screen.storyboard */ = {isa = PBXFileReference; fileEncoding = 4; lastKnownFileType = file.storyboard; path = "Launch Screen.storyboard"; sourceTree = "<group>"; };
		4A0E71C71C32EE8200BCF6B8 /* 1064-layers-4.png */ = {isa = PBXFileReference; lastKnownFileType = image.png; path = "1064-layers-4.png"; sourceTree = "<group>"; };
		4A0E71C81C32EE8200BCF6B8 /* 1064-layers-4@2x.png */ = {isa = PBXFileReference; lastKnownFileType = image.png; path = "1064-layers-4@2x.png"; sourceTree = "<group>"; };
		4A0E71C91C32EE8200BCF6B8 /* 1064-layers-4@3x.png */ = {isa = PBXFileReference; lastKnownFileType = image.png; path = "1064-layers-4@3x.png"; sourceTree = "<group>"; };
		4A0E71CA1C32EE8200BCF6B8 /* 1100-list-2-toolbar.png */ = {isa = PBXFileReference; lastKnownFileType = image.png; path = "1100-list-2-toolbar.png"; sourceTree = "<group>"; };
		4A0E71CB1C32EE8200BCF6B8 /* 1100-list-2-toolbar@2x.png */ = {isa = PBXFileReference; lastKnownFileType = image.png; path = "1100-list-2-toolbar@2x.png"; sourceTree = "<group>"; };
		4A0E71CC1C32EE8200BCF6B8 /* 1100-list-2-toolbar@3x.png */ = {isa = PBXFileReference; lastKnownFileType = image.png; path = "1100-list-2-toolbar@3x.png"; sourceTree = "<group>"; };
		4A0E71CD1C32EE8200BCF6B8 /* 1435537202_54.png */ = {isa = PBXFileReference; lastKnownFileType = image.png; path = 1435537202_54.png; sourceTree = "<group>"; };
		4A0E71CE1C32EE8200BCF6B8 /* 512px-Viewpoint-16.svg.png */ = {isa = PBXFileReference; lastKnownFileType = image.png; path = "512px-Viewpoint-16.svg.png"; sourceTree = "<group>"; };
		4A0E71CF1C32EE8200BCF6B8 /* 760-refresh-3.png */ = {isa = PBXFileReference; lastKnownFileType = image.png; path = "760-refresh-3.png"; sourceTree = "<group>"; };
		4A0E71D01C32EE8200BCF6B8 /* 760-refresh-3@2x.png */ = {isa = PBXFileReference; lastKnownFileType = image.png; path = "760-refresh-3@2x.png"; sourceTree = "<group>"; };
		4A0E71D11C32EE8200BCF6B8 /* 760-refresh-3@3x.png */ = {isa = PBXFileReference; lastKnownFileType = image.png; path = "760-refresh-3@3x.png"; sourceTree = "<group>"; };
		4A0E71D21C32EE8200BCF6B8 /* 798-filter-toolbar.png */ = {isa = PBXFileReference; lastKnownFileType = image.png; path = "798-filter-toolbar.png"; sourceTree = "<group>"; };
		4A0E71D31C32EE8200BCF6B8 /* 798-filter-toolbar@2x.png */ = {isa = PBXFileReference; lastKnownFileType = image.png; path = "798-filter-toolbar@2x.png"; sourceTree = "<group>"; };
		4A0E71D41C32EE8200BCF6B8 /* 798-filter-toolbar@3x.png */ = {isa = PBXFileReference; lastKnownFileType = image.png; path = "798-filter-toolbar@3x.png"; sourceTree = "<group>"; };
		4A0E71D51C32EE8200BCF6B8 /* 852-map-toolbar.png */ = {isa = PBXFileReference; lastKnownFileType = image.png; path = "852-map-toolbar.png"; sourceTree = "<group>"; };
		4A0E71D61C32EE8200BCF6B8 /* 852-map-toolbar@2x.png */ = {isa = PBXFileReference; lastKnownFileType = image.png; path = "852-map-toolbar@2x.png"; sourceTree = "<group>"; };
		4A0E71D71C32EE8200BCF6B8 /* 852-map-toolbar@3x.png */ = {isa = PBXFileReference; lastKnownFileType = image.png; path = "852-map-toolbar@3x.png"; sourceTree = "<group>"; };
		4A0E71D81C32EE8200BCF6B8 /* 854-list-toolbar-selected.png */ = {isa = PBXFileReference; lastKnownFileType = image.png; path = "854-list-toolbar-selected.png"; sourceTree = "<group>"; };
		4A0E71D91C32EE8200BCF6B8 /* 854-list-toolbar-selected@2x.png */ = {isa = PBXFileReference; lastKnownFileType = image.png; path = "854-list-toolbar-selected@2x.png"; sourceTree = "<group>"; };
		4A0E71DA1C32EE8200BCF6B8 /* 854-list-toolbar-selected@3x.png */ = {isa = PBXFileReference; lastKnownFileType = image.png; path = "854-list-toolbar-selected@3x.png"; sourceTree = "<group>"; };
		4A0E71DB1C32EE8200BCF6B8 /* Emergency_access_point.png */ = {isa = PBXFileReference; lastKnownFileType = image.png; path = Emergency_access_point.png; sourceTree = "<group>"; };
		4A0E71DC1C32EE8200BCF6B8 /* Emergeny.png */ = {isa = PBXFileReference; lastKnownFileType = image.png; path = Emergeny.png; sourceTree = "<group>"; };
		4A0E71DD1C32EE8200BCF6B8 /* gray-1061-golf-shot@2x.png */ = {isa = PBXFileReference; lastKnownFileType = image.png; path = "gray-1061-golf-shot@2x.png"; sourceTree = "<group>"; };
		4A0E71DE1C32EE8200BCF6B8 /* gray-940-pin@2x.png */ = {isa = PBXFileReference; lastKnownFileType = image.png; path = "gray-940-pin@2x.png"; sourceTree = "<group>"; };
		4A0E71DF1C32EE8200BCF6B8 /* white-193-location-arrow@2x.png */ = {isa = PBXFileReference; lastKnownFileType = image.png; path = "white-193-location-arrow@2x.png"; sourceTree = "<group>"; };
		4A0E71F91C32EEF400BCF6B8 /* Tour-t1387067_Sieben-Weiher-Tour.gpx */ = {isa = PBXFileReference; fileEncoding = 4; lastKnownFileType = text.xml; path = "Tour-t1387067_Sieben-Weiher-Tour.gpx"; sourceTree = "<group>"; };
		4A0E71FF1C34817900BCF6B8 /* Icon-29.png */ = {isa = PBXFileReference; lastKnownFileType = image.png; path = "Icon-29.png"; sourceTree = "<group>"; };
		4A0E72001C34817900BCF6B8 /* Icon-29@2x.png */ = {isa = PBXFileReference; lastKnownFileType = image.png; path = "Icon-29@2x.png"; sourceTree = "<group>"; };
		4A0E72011C34817900BCF6B8 /* Icon-29@3x.png */ = {isa = PBXFileReference; lastKnownFileType = image.png; path = "Icon-29@3x.png"; sourceTree = "<group>"; };
		4A0E72021C34817900BCF6B8 /* Icon-40.png */ = {isa = PBXFileReference; lastKnownFileType = image.png; path = "Icon-40.png"; sourceTree = "<group>"; };
		4A0E72031C34817900BCF6B8 /* Icon-40@2x.png */ = {isa = PBXFileReference; lastKnownFileType = image.png; path = "Icon-40@2x.png"; sourceTree = "<group>"; };
		4A0E72041C34817900BCF6B8 /* Icon-40@3x.png */ = {isa = PBXFileReference; lastKnownFileType = image.png; path = "Icon-40@3x.png"; sourceTree = "<group>"; };
		4A0E72051C34817900BCF6B8 /* Icon-60@2x.png */ = {isa = PBXFileReference; lastKnownFileType = image.png; path = "Icon-60@2x.png"; sourceTree = "<group>"; };
		4A0E72061C34817900BCF6B8 /* Icon-60@3x.png */ = {isa = PBXFileReference; lastKnownFileType = image.png; path = "Icon-60@3x.png"; sourceTree = "<group>"; };
		4A0E72071C34817900BCF6B8 /* Icon-76.png */ = {isa = PBXFileReference; lastKnownFileType = image.png; path = "Icon-76.png"; sourceTree = "<group>"; };
		4A0E72081C34817900BCF6B8 /* Icon-76@2x.png */ = {isa = PBXFileReference; lastKnownFileType = image.png; path = "Icon-76@2x.png"; sourceTree = "<group>"; };
		4A0E72091C34817900BCF6B8 /* iTunesArtwork@2x.png */ = {isa = PBXFileReference; lastKnownFileType = image.png; path = "iTunesArtwork@2x.png"; sourceTree = "<group>"; };
		4AC3776C1BB887150027DFC7 /* InselhuepfenTag1.gpx */ = {isa = PBXFileReference; fileEncoding = 4; lastKnownFileType = text.xml; path = InselhuepfenTag1.gpx; sourceTree = "<group>"; };
		4AC3776D1BB887150027DFC7 /* InselhuepfenTag2.gpx */ = {isa = PBXFileReference; fileEncoding = 4; lastKnownFileType = text.xml; path = InselhuepfenTag2.gpx; sourceTree = "<group>"; };
		4AC3776E1BB887150027DFC7 /* InselhuepfenTag4.gpx */ = {isa = PBXFileReference; fileEncoding = 4; lastKnownFileType = text.xml; path = InselhuepfenTag4.gpx; sourceTree = "<group>"; };
		4AC3776F1BB887150027DFC7 /* InselhuepfenTag5.gpx */ = {isa = PBXFileReference; fileEncoding = 4; lastKnownFileType = text.xml; path = InselhuepfenTag5.gpx; sourceTree = "<group>"; };
		4AC377711BB887150027DFC7 /* Milna-13.9.15.gpx */ = {isa = PBXFileReference; fileEncoding = 4; lastKnownFileType = text.xml; path = "Milna-13.9.15.gpx"; sourceTree = "<group>"; };
		4AC377721BB887150027DFC7 /* Postira-17.9.15.gpx */ = {isa = PBXFileReference; fileEncoding = 4; lastKnownFileType = text.xml; path = "Postira-17.9.15.gpx"; sourceTree = "<group>"; };
		4AC377731BB887150027DFC7 /* Stari-Grad-14.9.15.gpx */ = {isa = PBXFileReference; fileEncoding = 4; lastKnownFileType = text.xml; path = "Stari-Grad-14.9.15.gpx"; sourceTree = "<group>"; };
		4AC377741BB887150027DFC7 /* Stari-Grad-15.9.15.gpx */ = {isa = PBXFileReference; fileEncoding = 4; lastKnownFileType = text.xml; path = "Stari-Grad-15.9.15.gpx"; sourceTree = "<group>"; };
		4AC377751BB887150027DFC7 /* Vela-Luka-16.9.15.gpx */ = {isa = PBXFileReference; fileEncoding = 4; lastKnownFileType = text.xml; path = "Vela-Luka-16.9.15.gpx"; sourceTree = "<group>"; };
		4AC3777F1BB88ABF0027DFC7 /* InselhuepfenTag3.gpx */ = {isa = PBXFileReference; fileEncoding = 4; lastKnownFileType = text.xml; path = InselhuepfenTag3.gpx; sourceTree = "<group>"; };
		67B402E92391F8D1EB49C930 /* PSTrackRenderer.h */ = {isa = PBXFileReference; fileEncoding = 4; lastKnownFileType = sourcecode.c.h; path = PSTrackRenderer.h; sourceTree = "<group>"; };
		67B40512E50237F1430426F8 /* PSTrackStore.m */ = {isa = PBXFileReference; fileEncoding = 4; lastKnownFileType = sourcecode.c.objc; path = PSTrackStore.m; sourceTree = "<group>"; };
		67B407BBABA2796157ED6222 /* PSMainMenuViewController.h */ = {isa = PBXFileReference; fileEncoding = 4; lastKnownFileType = sourcecode.c.h; path = PSMainMenuViewController.h; sourceTree = "<group>"; };
		67B408F6C3063F7CA38035D1 /* PSTrackRenderer.m */ = {isa = PBXFileReference; fileEncoding = 4; lastKnownFileType = sourcecode.c.objc; path = PSTrackRenderer.m; sourceTree = "<group>"; };
		67B40B16ECAE76335CD77A02 /* PSMapLocationManager.h */ = {isa = PBXFileReference; fileEncoding = 4; lastKnownFileType = sourcecode.c.h; path = PSMapLocationManager.h; sourceTree = "<group>"; };
		67B40B261007D148CAFF0D04 /* PSMainMenuViewController.m */ = {isa = PBXFileReference; fileEncoding = 4; lastKnownFileType = sourcecode.c.objc; path = PSMainMenuViewController.m; sourceTree = "<group>"; };
		67B40B2C6B54957DD6B3655B /* PSMapLocationManager.m */ = {isa = PBXFileReference; fileEncoding = 4; lastKnownFileType = sourcecode.c.objc; path = PSMapLocationManager.m; sourceTree = "<group>"; };
		67B40B684DF64CED8EC0087A /* PSTrackOverlay.m */ = {isa = PBXFileReference; fileEncoding = 4; lastKnownFileType = sourcecode.c.objc; path = PSTrackOverlay.m; sourceTree = "<group>"; };
		67B40F0FAC4FD5F8B39E04F3 /* PSTrack.m */ = {isa = PBXFileReference; fileEncoding = 4; lastKnownFileType = sourcecode.c.objc; path = PSTrack.m; sourceTree = "<group>"; };
		67B40F891A086B833138D738 /* PSTrack.h */ = {isa = PBXFileReference; fileEncoding = 4; lastKnownFileType = sourcecode.c.h; path = PSTrack.h; sourceTree = "<group>"; };
		67B40FC581C61E69E3C22EE9 /* PSTrackOverlay.h */ = {isa = PBXFileReference; fileEncoding = 4; lastKnownFileType = sourcecode.c.h; path = PSTrackOverlay.h; sourceTree = "<group>"; };
		67B40FDA2CAD5C7EBF580D61 /* PSTrackStore.h */ = {isa = PBXFileReference; fileEncoding = 4; lastKnownFileType = sourcecode.c.h; path = PSTrackStore.h; sourceTree = "<group>"; };
		ABA11E6B8B64EB33BC0F9452 /* Pods.release.xcconfig */ = {isa = PBXFileReference; includeInIndex = 1; lastKnownFileType = text.xcconfig; name = Pods.release.xcconfig; path = "Pods/Target Support Files/Pods/Pods.release.xcconfig"; sourceTree = "<group>"; };
		E5F1602E1C045FFFE12441F2 /* PSMapBoxRunBikeHikeTileOverlay.h */ = {isa = PBXFileReference; fileEncoding = 4; lastKnownFileType = sourcecode.c.h; path = PSMapBoxRunBikeHikeTileOverlay.h; sourceTree = "<group>"; };
		E5F1603AD61C55A434A21E15 /* PSWayPointAnnotation.m */ = {isa = PBXFileReference; fileEncoding = 4; lastKnownFileType = sourcecode.c.objc; path = PSWayPointAnnotation.m; sourceTree = "<group>"; };
		E5F160D6F4769797758D2A7F /* PSAppleHybridTileOverlay.h */ = {isa = PBXFileReference; fileEncoding = 4; lastKnownFileType = sourcecode.c.h; path = PSAppleHybridTileOverlay.h; sourceTree = "<group>"; };
		E5F1610D7F20638D9792FC80 /* MKMapView+PSTilesInMapRect.m */ = {isa = PBXFileReference; fileEncoding = 4; lastKnownFileType = sourcecode.c.objc; path = "MKMapView+PSTilesInMapRect.m"; sourceTree = "<group>"; };
		E5F16133AE9565B510C0DC19 /* PSMapBoxTileOverlay.m */ = {isa = PBXFileReference; fileEncoding = 4; lastKnownFileType = sourcecode.c.objc; path = PSMapBoxTileOverlay.m; sourceTree = "<group>"; };
		E5F16201171F1AB27BB554CE /* PSViewController.h */ = {isa = PBXFileReference; fileEncoding = 4; lastKnownFileType = sourcecode.c.h; path = PSViewController.h; sourceTree = "<group>"; };
		E5F16218C30DFB97749F17A0 /* PSPoiStore.m */ = {isa = PBXFileReference; fileEncoding = 4; lastKnownFileType = sourcecode.c.objc; path = PSPoiStore.m; sourceTree = "<group>"; };
		E5F1624DEDD2116473F93EC7 /* PSPoi.m */ = {isa = PBXFileReference; fileEncoding = 4; lastKnownFileType = sourcecode.c.objc; path = PSPoi.m; sourceTree = "<group>"; };
		E5F1631C738F52A2F09699B7 /* PSDirectionAnnotation.h */ = {isa = PBXFileReference; fileEncoding = 4; lastKnownFileType = sourcecode.c.h; path = PSDirectionAnnotation.h; sourceTree = "<group>"; };
		E5F1632D101D4D0933B0DC27 /* PSMapBoxDarkTileOverlay.m */ = {isa = PBXFileReference; fileEncoding = 4; lastKnownFileType = sourcecode.c.objc; path = PSMapBoxDarkTileOverlay.m; sourceTree = "<group>"; };
		E5F16359648FB42289D3A3DC /* PSOpenStreetMapTileOverlay.h */ = {isa = PBXFileReference; fileEncoding = 4; lastKnownFileType = sourcecode.c.h; path = PSOpenStreetMapTileOverlay.h; sourceTree = "<group>"; };
		E5F1637FA2C9346B8A9FBED6 /* PSTileOverlay.m */ = {isa = PBXFileReference; fileEncoding = 4; lastKnownFileType = sourcecode.c.objc; path = PSTileOverlay.m; sourceTree = "<group>"; };
		E5F16421E9C0906A48FF3B2F /* PSMapBoxHighContrastTileOverlay.m */ = {isa = PBXFileReference; fileEncoding = 4; lastKnownFileType = sourcecode.c.objc; path = PSMapBoxHighContrastTileOverlay.m; sourceTree = "<group>"; };
		E5F1647F79F6289B49D51A9B /* PSMapBoxTileOverlay.h */ = {isa = PBXFileReference; fileEncoding = 4; lastKnownFileType = sourcecode.c.h; path = PSMapBoxTileOverlay.h; sourceTree = "<group>"; };
		E5F1655E9E7D468585EE42F8 /* PSAppleHybridTileOverlay.m */ = {isa = PBXFileReference; fileEncoding = 4; lastKnownFileType = sourcecode.c.objc; path = PSAppleHybridTileOverlay.m; sourceTree = "<group>"; };
		E5F16562164A49A32D5DE446 /* PSTileOverlay.h */ = {isa = PBXFileReference; fileEncoding = 4; lastKnownFileType = sourcecode.c.h; path = PSTileOverlay.h; sourceTree = "<group>"; };
		E5F165A8AECEEF094EF7C4CA /* PSAppleSatelliteTileOverlay.h */ = {isa = PBXFileReference; fileEncoding = 4; lastKnownFileType = sourcecode.c.h; path = PSAppleSatelliteTileOverlay.h; sourceTree = "<group>"; };
		E5F165AB5D99134DF7E0EA0C /* PSMapBoxCustomTileOverlay.m */ = {isa = PBXFileReference; fileEncoding = 4; lastKnownFileType = sourcecode.c.objc; path = PSMapBoxCustomTileOverlay.m; sourceTree = "<group>"; };
		E5F165ABAAB7D8EA74023332 /* PSAppleSatelliteTileOverlay.m */ = {isa = PBXFileReference; fileEncoding = 4; lastKnownFileType = sourcecode.c.objc; path = PSAppleSatelliteTileOverlay.m; sourceTree = "<group>"; };
		E5F165DB082F4490B7172551 /* PSMapBoxRunBikeHikeTileOverlay.m */ = {isa = PBXFileReference; fileEncoding = 4; lastKnownFileType = sourcecode.c.objc; path = PSMapBoxRunBikeHikeTileOverlay.m; sourceTree = "<group>"; };
		E5F166140591E564FAB51BB4 /* PSWayPointAnnotation.h */ = {isa = PBXFileReference; fileEncoding = 4; lastKnownFileType = sourcecode.c.h; path = PSWayPointAnnotation.h; sourceTree = "<group>"; };
		E5F166591FB41C11AFFC7976 /* PSOpenCycleMapTileOverlay.m */ = {isa = PBXFileReference; fileEncoding = 4; lastKnownFileType = sourcecode.c.objc; path = PSOpenCycleMapTileOverlay.m; sourceTree = "<group>"; };
		E5F166C06B79B63DCB75653D /* PSGraphViewController.h */ = {isa = PBXFileReference; fileEncoding = 4; lastKnownFileType = sourcecode.c.h; path = PSGraphViewController.h; sourceTree = "<group>"; };
		E5F166C23306DEAB6F5B2D2A /* PSSettingsViewController.h */ = {isa = PBXFileReference; fileEncoding = 4; lastKnownFileType = sourcecode.c.h; path = PSSettingsViewController.h; sourceTree = "<group>"; };
		E5F166DAA770CC1BC8C2CFCD /* PSGpxParser.h */ = {isa = PBXFileReference; fileEncoding = 4; lastKnownFileType = sourcecode.c.h; path = PSGpxParser.h; sourceTree = "<group>"; };
		E5F167343F7B165B81A90E76 /* PSPoi.h */ = {isa = PBXFileReference; fileEncoding = 4; lastKnownFileType = sourcecode.c.h; path = PSPoi.h; sourceTree = "<group>"; };
		E5F1678CEBB4792358CE28F5 /* PSMapBoxDarkTileOverlay.h */ = {isa = PBXFileReference; fileEncoding = 4; lastKnownFileType = sourcecode.c.h; path = PSMapBoxDarkTileOverlay.h; sourceTree = "<group>"; };
		E5F16819058F2251C760B40C /* PSDistanceAnnotation.h */ = {isa = PBXFileReference; fileEncoding = 4; lastKnownFileType = sourcecode.c.h; path = PSDistanceAnnotation.h; sourceTree = "<group>"; };
		E5F168863199ECA19573D556 /* PSTileOverlayRender.h */ = {isa = PBXFileReference; fileEncoding = 4; lastKnownFileType = sourcecode.c.h; path = PSTileOverlayRender.h; sourceTree = "<group>"; };
		E5F16894BC25953F932B2F87 /* PSMapViewController.m */ = {isa = PBXFileReference; fileEncoding = 4; lastKnownFileType = sourcecode.c.objc; path = PSMapViewController.m; sourceTree = "<group>"; };
		E5F168D18BAEFFB2B0598F52 /* PSLocationManager.m */ = {isa = PBXFileReference; fileEncoding = 4; lastKnownFileType = sourcecode.c.objc; path = PSLocationManager.m; sourceTree = "<group>"; };
		E5F16900D70C5D3CB50EC26A /* PSMapBoxLightTileOverlay.h */ = {isa = PBXFileReference; fileEncoding = 4; lastKnownFileType = sourcecode.c.h; path = PSMapBoxLightTileOverlay.h; sourceTree = "<group>"; };
		E5F16983E85E79D7F9EEDF0C /* PSOpenStreetMapTileOverlay.m */ = {isa = PBXFileReference; fileEncoding = 4; lastKnownFileType = sourcecode.c.objc; path = PSOpenStreetMapTileOverlay.m; sourceTree = "<group>"; };
		E5F169B2424E9A2355EF6ECE /* PSLocationManager.h */ = {isa = PBXFileReference; fileEncoding = 4; lastKnownFileType = sourcecode.c.h; path = PSLocationManager.h; sourceTree = "<group>"; };
		E5F169D6A9E0A35F6962830F /* MKMapView+PSZoomLevel.m */ = {isa = PBXFileReference; fileEncoding = 4; lastKnownFileType = sourcecode.c.objc; path = "MKMapView+PSZoomLevel.m"; sourceTree = "<group>"; };
		E5F16A33560DA79AA6518F41 /* PSAppleDefaultTileOverlay.h */ = {isa = PBXFileReference; fileEncoding = 4; lastKnownFileType = sourcecode.c.h; path = PSAppleDefaultTileOverlay.h; sourceTree = "<group>"; };
		E5F16A474E04F9B9B89A1ED5 /* PSDistanceAnnotation.m */ = {isa = PBXFileReference; fileEncoding = 4; lastKnownFileType = sourcecode.c.objc; path = PSDistanceAnnotation.m; sourceTree = "<group>"; };
		E5F16AB745696991ADE41D3A /* PSHillShadingTileOverlay.h */ = {isa = PBXFileReference; fileEncoding = 4; lastKnownFileType = sourcecode.c.h; path = PSHillShadingTileOverlay.h; sourceTree = "<group>"; };
		E5F16AFAAA79D593CBD3813C /* PSMapBoxCustomTileOverlay.h */ = {isa = PBXFileReference; fileEncoding = 4; lastKnownFileType = sourcecode.c.h; path = PSMapBoxCustomTileOverlay.h; sourceTree = "<group>"; };
		E5F16B1F0824998F4131C7E6 /* PSPoiStore.h */ = {isa = PBXFileReference; fileEncoding = 4; lastKnownFileType = sourcecode.c.h; path = PSPoiStore.h; sourceTree = "<group>"; };
		E5F16B385F6FABAE20128E54 /* MKMapView+PSTilesInMapRect.h */ = {isa = PBXFileReference; fileEncoding = 4; lastKnownFileType = sourcecode.c.h; path = "MKMapView+PSTilesInMapRect.h"; sourceTree = "<group>"; };
		E5F16B5BFA83DB7DEFEFA007 /* PSOpenCycleMapTileOverlay.h */ = {isa = PBXFileReference; fileEncoding = 4; lastKnownFileType = sourcecode.c.h; path = PSOpenCycleMapTileOverlay.h; sourceTree = "<group>"; };
		E5F16BC618CDE2FDB64A040D /* PSMapViewController.h */ = {isa = PBXFileReference; fileEncoding = 4; lastKnownFileType = sourcecode.c.h; path = PSMapViewController.h; sourceTree = "<group>"; };
		E5F16C8FC429FFB94D53B8B3 /* PSTracksViewController.m */ = {isa = PBXFileReference; fileEncoding = 4; lastKnownFileType = sourcecode.c.objc; path = PSTracksViewController.m; sourceTree = "<group>"; };
		E5F16CA6DCEBB5E5B57C7845 /* MKMapView+PSZoomLevel.h */ = {isa = PBXFileReference; fileEncoding = 4; lastKnownFileType = sourcecode.c.h; path = "MKMapView+PSZoomLevel.h"; sourceTree = "<group>"; };
		E5F16CB73DB1DCAFA0C881B7 /* PSSettingsViewController.m */ = {isa = PBXFileReference; fileEncoding = 4; lastKnownFileType = sourcecode.c.objc; path = PSSettingsViewController.m; sourceTree = "<group>"; };
		E5F16CF121AFB03203C226C5 /* PSTileOverlayRender.m */ = {isa = PBXFileReference; fileEncoding = 4; lastKnownFileType = sourcecode.c.objc; path = PSTileOverlayRender.m; sourceTree = "<group>"; };
		E5F16D4AC1785A59522E963F /* PSTrackViewController.m */ = {isa = PBXFileReference; fileEncoding = 4; lastKnownFileType = sourcecode.c.objc; path = PSTrackViewController.m; sourceTree = "<group>"; };
		E5F16D4E25AC86ABE31C30F2 /* PSMapBoxLightTileOverlay.m */ = {isa = PBXFileReference; fileEncoding = 4; lastKnownFileType = sourcecode.c.objc; path = PSMapBoxLightTileOverlay.m; sourceTree = "<group>"; };
		E5F16D5BDFA28CCC660617AD /* PSTracksViewController.h */ = {isa = PBXFileReference; fileEncoding = 4; lastKnownFileType = sourcecode.c.h; path = PSTracksViewController.h; sourceTree = "<group>"; };
		E5F16D89907ECDAE6D7858D2 /* PSTrackViewController.h */ = {isa = PBXFileReference; fileEncoding = 4; lastKnownFileType = sourcecode.c.h; path = PSTrackViewController.h; sourceTree = "<group>"; };
		E5F16DC8E762580B653758D0 /* PSGpxParser.m */ = {isa = PBXFileReference; fileEncoding = 4; lastKnownFileType = sourcecode.c.objc; path = PSGpxParser.m; sourceTree = "<group>"; };
		E5F16DD8436255C132C9F80A /* PSViewController.m */ = {isa = PBXFileReference; fileEncoding = 4; lastKnownFileType = sourcecode.c.objc; path = PSViewController.m; sourceTree = "<group>"; };
		E5F16DDDBF1F0B5FC296A32E /* PSMapBoxHighContrastTileOverlay.h */ = {isa = PBXFileReference; fileEncoding = 4; lastKnownFileType = sourcecode.c.h; path = PSMapBoxHighContrastTileOverlay.h; sourceTree = "<group>"; };
		E5F16E6D979D69546BE2261B /* PSDirectionAnnotation.m */ = {isa = PBXFileReference; fileEncoding = 4; lastKnownFileType = sourcecode.c.objc; path = PSDirectionAnnotation.m; sourceTree = "<group>"; };
		E5F16EA9AAD617548DEDF856 /* PSAppleDefaultTileOverlay.m */ = {isa = PBXFileReference; fileEncoding = 4; lastKnownFileType = sourcecode.c.objc; path = PSAppleDefaultTileOverlay.m; sourceTree = "<group>"; };
		E5F16F8FEA1FA1B5EF4692ED /* PSHillShadingTileOverlay.m */ = {isa = PBXFileReference; fileEncoding = 4; lastKnownFileType = sourcecode.c.objc; path = PSHillShadingTileOverlay.m; sourceTree = "<group>"; };
		E5F16F94BA02FB00F322D9FD /* PSGraphViewController.m */ = {isa = PBXFileReference; fileEncoding = 4; lastKnownFileType = sourcecode.c.objc; path = PSGraphViewController.m; sourceTree = "<group>"; };
/* End PBXFileReference section */

/* Begin PBXFrameworksBuildPhase section */
		22F934CB19DD5E5B00996122 /* Frameworks */ = {
			isa = PBXFrameworksBuildPhase;
			buildActionMask = 2147483647;
			files = (
				22F9350919DD624800996122 /* CoreLocation.framework in Frameworks */,
				22F9350719DD5FFB00996122 /* MapKit.framework in Frameworks */,
				22F934D419DD5E5B00996122 /* CoreGraphics.framework in Frameworks */,
				22F934D619DD5E5B00996122 /* UIKit.framework in Frameworks */,
				22F934D219DD5E5B00996122 /* Foundation.framework in Frameworks */,
				7E00DAE2DCD044FA91CCAE5F /* libPods.a in Frameworks */,
			);
			runOnlyForDeploymentPostprocessing = 0;
		};
		22F934EC19DD5E5B00996122 /* Frameworks */ = {
			isa = PBXFrameworksBuildPhase;
			buildActionMask = 2147483647;
			files = (
				22F934F119DD5E5B00996122 /* XCTest.framework in Frameworks */,
				22F934F319DD5E5B00996122 /* UIKit.framework in Frameworks */,
				22F934F219DD5E5B00996122 /* Foundation.framework in Frameworks */,
			);
			runOnlyForDeploymentPostprocessing = 0;
		};
/* End PBXFrameworksBuildPhase section */

/* Begin PBXGroup section */
		2251757A1B84B79000EC61B5 /* OSM */ = {
			isa = PBXGroup;
			children = (
				E5F16983E85E79D7F9EEDF0C /* PSOpenStreetMapTileOverlay.m */,
				E5F16359648FB42289D3A3DC /* PSOpenStreetMapTileOverlay.h */,
				E5F166591FB41C11AFFC7976 /* PSOpenCycleMapTileOverlay.m */,
				E5F16B5BFA83DB7DEFEFA007 /* PSOpenCycleMapTileOverlay.h */,
			);
			name = OSM;
			sourceTree = "<group>";
		};
		2251757B1B84B7A300EC61B5 /* Mapbox */ = {
			isa = PBXGroup;
			children = (
				E5F16133AE9565B510C0DC19 /* PSMapBoxTileOverlay.m */,
				E5F1647F79F6289B49D51A9B /* PSMapBoxTileOverlay.h */,
				E5F16D4E25AC86ABE31C30F2 /* PSMapBoxLightTileOverlay.m */,
				E5F16900D70C5D3CB50EC26A /* PSMapBoxLightTileOverlay.h */,
				E5F1632D101D4D0933B0DC27 /* PSMapBoxDarkTileOverlay.m */,
				E5F1678CEBB4792358CE28F5 /* PSMapBoxDarkTileOverlay.h */,
				E5F165DB082F4490B7172551 /* PSMapBoxRunBikeHikeTileOverlay.m */,
				E5F1602E1C045FFFE12441F2 /* PSMapBoxRunBikeHikeTileOverlay.h */,
				E5F16421E9C0906A48FF3B2F /* PSMapBoxHighContrastTileOverlay.m */,
				E5F16DDDBF1F0B5FC296A32E /* PSMapBoxHighContrastTileOverlay.h */,
				E5F165AB5D99134DF7E0EA0C /* PSMapBoxCustomTileOverlay.m */,
				E5F16AFAAA79D593CBD3813C /* PSMapBoxCustomTileOverlay.h */,
			);
			name = Mapbox;
			sourceTree = "<group>";
		};
		2297B16F1B12389A00015366 /* ViewController */ = {
			isa = PBXGroup;
			children = (
				E5F166C06B79B63DCB75653D /* PSGraphViewController.h */,
				E5F16F94BA02FB00F322D9FD /* PSGraphViewController.m */,
				E5F16894BC25953F932B2F87 /* PSMapViewController.m */,
				E5F16BC618CDE2FDB64A040D /* PSMapViewController.h */,
				E5F16D5BDFA28CCC660617AD /* PSTracksViewController.h */,
				E5F16C8FC429FFB94D53B8B3 /* PSTracksViewController.m */,
				E5F16CB73DB1DCAFA0C881B7 /* PSSettingsViewController.m */,
				E5F166C23306DEAB6F5B2D2A /* PSSettingsViewController.h */,
				E5F16D4AC1785A59522E963F /* PSTrackViewController.m */,
				E5F16D89907ECDAE6D7858D2 /* PSTrackViewController.h */,
				67B40B261007D148CAFF0D04 /* PSMainMenuViewController.m */,
				67B407BBABA2796157ED6222 /* PSMainMenuViewController.h */,
				67B40B2C6B54957DD6B3655B /* PSMapLocationManager.m */,
				67B40B16ECAE76335CD77A02 /* PSMapLocationManager.h */,
			);
			name = ViewController;
			sourceTree = "<group>";
		};
		22D2316C1AFFF2770019EF15 /* SampleFiles */ = {
			isa = PBXGroup;
			children = (
				22ED40991B68038800D3E297 /* Tour-Goettelborn.gpx */,
				222DF3431B659B9E003410E7 /* TrailSpichern.gpx */,
				222DF3441B659B9E003410E7 /* TrailSpichern2.gpx */,
				222DF3491B659F41003410E7 /* TrailSpichern3.gpx */,
				222DF33F1B659976003410E7 /* Tour-Urwald.gpx */,
				222DF3061B659056003410E7 /* Route-NrideHom-3.gpx */,
				222DF3071B659056003410E7 /* Route-pur-blau_blueColor.gpx */,
				222DF3081B659056003410E7 /* Route-pur-gruen_greenColor.gpx */,
				222DF3091B659056003410E7 /* Trail-AmHomburg1.gpx */,
				222DF30A1B659056003410E7 /* Trail-Dudweiler1.gpx */,
				222DF30B1B659056003410E7 /* Trail-HaldeCamphauserStrasse.gpx */,
				222DF30C1B659056003410E7 /* Trail-KlbTrail.gpx */,
				222DF30D1B659056003410E7 /* Trail-Nauwies.gpx */,
				22146EB01B6A855800CE0360 /* Tour-KLB-SB.gpx */,
				222DF30E1B659056003410E7 /* Trail-Nauwies2.gpx */,
				222DF30F1B659056003410E7 /* Trail-Schwarzenberg1.gpx */,
				222DF3101B659056003410E7 /* Trail-Schwarzenberg2.gpx */,
				222DF3111B659056003410E7 /* Trail-Schwarzenberg3.gpx */,
				222DF3121B659056003410E7 /* Trail-Schwarzenberg4.gpx */,
				222DF3131B659056003410E7 /* Trail-Schwarzenberg5.gpx */,
				222DF3141B659056003410E7 /* Trail-Schwarzenberg6.gpx */,
				222DF3151B659056003410E7 /* Trail-Schwarzenberg7.gpx */,
				222DF3161B659056003410E7 /* Trail-Schwarzenberg8.gpx */,
				222DF3171B659056003410E7 /* Trail-Schwarzenberg9.gpx */,
				222DF3181B659056003410E7 /* Trail-Schwarzenberg10.gpx */,
				222DF3191B659056003410E7 /* Trail-Schwarzenberg11.gpx */,
				222DF31A1B659056003410E7 /* Trail-Schwarzenberg12.gpx */,
				222DF31B1B659056003410E7 /* Trail-Schwarzenberg13.gpx */,
				222DF31C1B659056003410E7 /* Trail-Schwarzenberg14.gpx */,
				222DF31D1B659056003410E7 /* Trail-Schwarzenberg15.gpx */,
				222DF31E1B659056003410E7 /* Trail-Sonnenberg-1-mittlerer-felsenweg.gpx */,
				222DF31F1B659056003410E7 /* Trail-Winterberg1.gpx */,
				222DF3201B659056003410E7 /* Trail.gpx */,
				4A0E71F91C32EEF400BCF6B8 /* Tour-t1387067_Sieben-Weiher-Tour.gpx */,
			);
			name = SampleFiles;
			sourceTree = "<group>";
		};
		22F934C519DD5E5B00996122 = {
			isa = PBXGroup;
			children = (
				22F934D719DD5E5B00996122 /* ObjcBikeGps */,
				22F934F619DD5E5B00996122 /* ObjcBikeGpsTests */,
				22F934D019DD5E5B00996122 /* Frameworks */,
				22F934CF19DD5E5B00996122 /* Products */,
				C84131FBEBC733048FBD4C63 /* Pods */,
			);
			sourceTree = "<group>";
		};
		22F934CF19DD5E5B00996122 /* Products */ = {
			isa = PBXGroup;
			children = (
				22F934CE19DD5E5B00996122 /* ObjcBikeGps.app */,
				22F934EF19DD5E5B00996122 /* ObjcBikeGpsTests.xctest */,
			);
			name = Products;
			sourceTree = "<group>";
		};
		22F934D019DD5E5B00996122 /* Frameworks */ = {
			isa = PBXGroup;
			children = (
				22F9350819DD624800996122 /* CoreLocation.framework */,
				22F9350619DD5FFB00996122 /* MapKit.framework */,
				22F934D119DD5E5B00996122 /* Foundation.framework */,
				22F934D319DD5E5B00996122 /* CoreGraphics.framework */,
				22F934D519DD5E5B00996122 /* UIKit.framework */,
				22F934F019DD5E5B00996122 /* XCTest.framework */,
				18CF6413E1014CC8A7CDA52D /* libPods.a */,
			);
			name = Frameworks;
			sourceTree = "<group>";
		};
		22F934D719DD5E5B00996122 /* ObjcBikeGps */ = {
			isa = PBXGroup;
			children = (
				4A0E71C41C32EDFA00BCF6B8 /* Launch Screen.storyboard */,
				4A0E71FE1C34817900BCF6B8 /* Icons */,
				4A0E71C61C32EE8200BCF6B8 /* Images */,
				4AC3776A1BB887150027DFC7 /* GPS */,
				22D2316C1AFFF2770019EF15 /* SampleFiles */,
				22F934E019DD5E5B00996122 /* PSAppDelegate.h */,
				22F934E119DD5E5B00996122 /* PSAppDelegate.m */,
				2297B16F1B12389A00015366 /* ViewController */,
				22F934E919DD5E5B00996122 /* Images.xcassets */,
				22F934D819DD5E5B00996122 /* Supporting Files */,
				E5F16DC8E762580B653758D0 /* PSGpxParser.m */,
				E5F166DAA770CC1BC8C2CFCD /* PSGpxParser.h */,
				E5F16C5E9FB31F9AAACD3844 /* Models */,
				E5F16FCD55E32364F034D5C6 /* Unused */,
				E5F1614A590956E553AB51B9 /* POIs */,
				E5F167DB569A3DBAFC4ECDAC /* Categories */,
				E5F16CF121AFB03203C226C5 /* PSTileOverlayRender.m */,
				E5F168863199ECA19573D556 /* PSTileOverlayRender.h */,
				E5F1604B9295F58CB6B76D3A /* Tiles */,
				67B40A3172D7BB849BDE6FE6 /* Tracks */,
			);
			path = ObjcBikeGps;
			sourceTree = "<group>";
		};
		22F934D819DD5E5B00996122 /* Supporting Files */ = {
			isa = PBXGroup;
			children = (
				22F934D919DD5E5B00996122 /* ObjcBikeGps-Info.plist */,
				22F934DA19DD5E5B00996122 /* InfoPlist.strings */,
				22F934DD19DD5E5B00996122 /* main.m */,
				22F934DF19DD5E5B00996122 /* ObjcBikeGps-Prefix.pch */,
			);
			name = "Supporting Files";
			sourceTree = "<group>";
		};
		22F934F619DD5E5B00996122 /* ObjcBikeGpsTests */ = {
			isa = PBXGroup;
			children = (
				22F934FC19DD5E5B00996122 /* ObjcBikeGpsTests.m */,
				22F934F719DD5E5B00996122 /* Supporting Files */,
			);
			path = ObjcBikeGpsTests;
			sourceTree = "<group>";
		};
		22F934F719DD5E5B00996122 /* Supporting Files */ = {
			isa = PBXGroup;
			children = (
				22F934F819DD5E5B00996122 /* ObjcBikeGpsTests-Info.plist */,
				22F934F919DD5E5B00996122 /* InfoPlist.strings */,
			);
			name = "Supporting Files";
			sourceTree = "<group>";
		};
		4A0E71C61C32EE8200BCF6B8 /* Images */ = {
			isa = PBXGroup;
			children = (
				4A0E71C71C32EE8200BCF6B8 /* 1064-layers-4.png */,
				4A0E71C81C32EE8200BCF6B8 /* 1064-layers-4@2x.png */,
				4A0E71C91C32EE8200BCF6B8 /* 1064-layers-4@3x.png */,
				4A0E71CA1C32EE8200BCF6B8 /* 1100-list-2-toolbar.png */,
				4A0E71CB1C32EE8200BCF6B8 /* 1100-list-2-toolbar@2x.png */,
				4A0E71CC1C32EE8200BCF6B8 /* 1100-list-2-toolbar@3x.png */,
				4A0E71CD1C32EE8200BCF6B8 /* 1435537202_54.png */,
				4A0E71CE1C32EE8200BCF6B8 /* 512px-Viewpoint-16.svg.png */,
				4A0E71CF1C32EE8200BCF6B8 /* 760-refresh-3.png */,
				4A0E71D01C32EE8200BCF6B8 /* 760-refresh-3@2x.png */,
				4A0E71D11C32EE8200BCF6B8 /* 760-refresh-3@3x.png */,
				4A0E71D21C32EE8200BCF6B8 /* 798-filter-toolbar.png */,
				4A0E71D31C32EE8200BCF6B8 /* 798-filter-toolbar@2x.png */,
				4A0E71D41C32EE8200BCF6B8 /* 798-filter-toolbar@3x.png */,
				4A0E71D51C32EE8200BCF6B8 /* 852-map-toolbar.png */,
				4A0E71D61C32EE8200BCF6B8 /* 852-map-toolbar@2x.png */,
				4A0E71D71C32EE8200BCF6B8 /* 852-map-toolbar@3x.png */,
				4A0E71D81C32EE8200BCF6B8 /* 854-list-toolbar-selected.png */,
				4A0E71D91C32EE8200BCF6B8 /* 854-list-toolbar-selected@2x.png */,
				4A0E71DA1C32EE8200BCF6B8 /* 854-list-toolbar-selected@3x.png */,
				4A0E71DB1C32EE8200BCF6B8 /* Emergency_access_point.png */,
				4A0E71DC1C32EE8200BCF6B8 /* Emergeny.png */,
				4A0E71DD1C32EE8200BCF6B8 /* gray-1061-golf-shot@2x.png */,
				4A0E71DE1C32EE8200BCF6B8 /* gray-940-pin@2x.png */,
				4A0E71DF1C32EE8200BCF6B8 /* white-193-location-arrow@2x.png */,
			);
			path = Images;
			sourceTree = "<group>";
		};
		4A0E71FE1C34817900BCF6B8 /* Icons */ = {
			isa = PBXGroup;
			children = (
				4A0E71FF1C34817900BCF6B8 /* Icon-29.png */,
				4A0E72001C34817900BCF6B8 /* Icon-29@2x.png */,
				4A0E72011C34817900BCF6B8 /* Icon-29@3x.png */,
				4A0E72021C34817900BCF6B8 /* Icon-40.png */,
				4A0E72031C34817900BCF6B8 /* Icon-40@2x.png */,
				4A0E72041C34817900BCF6B8 /* Icon-40@3x.png */,
				4A0E72051C34817900BCF6B8 /* Icon-60@2x.png */,
				4A0E72061C34817900BCF6B8 /* Icon-60@3x.png */,
				4A0E72071C34817900BCF6B8 /* Icon-76.png */,
				4A0E72081C34817900BCF6B8 /* Icon-76@2x.png */,
				4A0E72091C34817900BCF6B8 /* iTunesArtwork@2x.png */,
			);
			path = Icons;
			sourceTree = "<group>";
		};
		4AC3776A1BB887150027DFC7 /* GPS */ = {
			isa = PBXGroup;
			children = (
				4AC3776B1BB887150027DFC7 /* Ladies */,
				4AC377701BB887150027DFC7 /* Roland */,
			);
			path = GPS;
			sourceTree = SOURCE_ROOT;
		};
		4AC3776B1BB887150027DFC7 /* Ladies */ = {
			isa = PBXGroup;
			children = (
				4AC3776C1BB887150027DFC7 /* InselhuepfenTag1.gpx */,
				4AC3776D1BB887150027DFC7 /* InselhuepfenTag2.gpx */,
				4AC3777F1BB88ABF0027DFC7 /* InselhuepfenTag3.gpx */,
				4AC3776E1BB887150027DFC7 /* InselhuepfenTag4.gpx */,
				4AC3776F1BB887150027DFC7 /* InselhuepfenTag5.gpx */,
			);
			path = Ladies;
			sourceTree = "<group>";
		};
		4AC377701BB887150027DFC7 /* Roland */ = {
			isa = PBXGroup;
			children = (
				4AC377711BB887150027DFC7 /* Milna-13.9.15.gpx */,
				4AC377721BB887150027DFC7 /* Postira-17.9.15.gpx */,
				4AC377731BB887150027DFC7 /* Stari-Grad-14.9.15.gpx */,
				4AC377741BB887150027DFC7 /* Stari-Grad-15.9.15.gpx */,
				4AC377751BB887150027DFC7 /* Vela-Luka-16.9.15.gpx */,
			);
			path = Roland;
			sourceTree = "<group>";
		};
		67B40A3172D7BB849BDE6FE6 /* Tracks */ = {
			isa = PBXGroup;
			children = (
				67B40F891A086B833138D738 /* PSTrack.h */,
				67B40F0FAC4FD5F8B39E04F3 /* PSTrack.m */,
				67B40FDA2CAD5C7EBF580D61 /* PSTrackStore.h */,
				67B40512E50237F1430426F8 /* PSTrackStore.m */,
				67B40B684DF64CED8EC0087A /* PSTrackOverlay.m */,
				67B40FC581C61E69E3C22EE9 /* PSTrackOverlay.h */,
				67B408F6C3063F7CA38035D1 /* PSTrackRenderer.m */,
				67B402E92391F8D1EB49C930 /* PSTrackRenderer.h */,
			);
			name = Tracks;
			sourceTree = "<group>";
		};
		C84131FBEBC733048FBD4C63 /* Pods */ = {
			isa = PBXGroup;
			children = (
				292651F264F523FCBBD71335 /* Pods.debug.xcconfig */,
				ABA11E6B8B64EB33BC0F9452 /* Pods.release.xcconfig */,
			);
			name = Pods;
			sourceTree = "<group>";
		};
		E5F1604B9295F58CB6B76D3A /* Tiles */ = {
			isa = PBXGroup;
			children = (
				E5F16562164A49A32D5DE446 /* PSTileOverlay.h */,
				E5F1637FA2C9346B8A9FBED6 /* PSTileOverlay.m */,
				2251757A1B84B79000EC61B5 /* OSM */,
				E5F16F8FEA1FA1B5EF4692ED /* PSHillShadingTileOverlay.m */,
				E5F16AB745696991ADE41D3A /* PSHillShadingTileOverlay.h */,
				2251757B1B84B7A300EC61B5 /* Mapbox */,
				E5F16CF058D9079E4D7E93E5 /* Apple */,
			);
			path = Tiles;
			sourceTree = "<group>";
		};
		E5F1614A590956E553AB51B9 /* POIs */ = {
			isa = PBXGroup;
			children = (
				E5F167343F7B165B81A90E76 /* PSPoi.h */,
				E5F1624DEDD2116473F93EC7 /* PSPoi.m */,
				E5F16B1F0824998F4131C7E6 /* PSPoiStore.h */,
				E5F16218C30DFB97749F17A0 /* PSPoiStore.m */,
			);
			path = POIs;
			sourceTree = "<group>";
		};
		E5F167DB569A3DBAFC4ECDAC /* Categories */ = {
			isa = PBXGroup;
			children = (
				E5F169D6A9E0A35F6962830F /* MKMapView+PSZoomLevel.m */,
				E5F16CA6DCEBB5E5B57C7845 /* MKMapView+PSZoomLevel.h */,
				E5F1610D7F20638D9792FC80 /* MKMapView+PSTilesInMapRect.m */,
				E5F16B385F6FABAE20128E54 /* MKMapView+PSTilesInMapRect.h */,
			);
			name = Categories;
			sourceTree = "<group>";
		};
		E5F16C5E9FB31F9AAACD3844 /* Models */ = {
			isa = PBXGroup;
			children = (
				E5F16819058F2251C760B40C /* PSDistanceAnnotation.h */,
				E5F16A474E04F9B9B89A1ED5 /* PSDistanceAnnotation.m */,
				E5F1603AD61C55A434A21E15 /* PSWayPointAnnotation.m */,
				E5F166140591E564FAB51BB4 /* PSWayPointAnnotation.h */,
				E5F16E6D979D69546BE2261B /* PSDirectionAnnotation.m */,
				E5F1631C738F52A2F09699B7 /* PSDirectionAnnotation.h */,
			);
			name = Models;
			sourceTree = "<group>";
		};
		E5F16CF058D9079E4D7E93E5 /* Apple */ = {
			isa = PBXGroup;
			children = (
				E5F16EA9AAD617548DEDF856 /* PSAppleDefaultTileOverlay.m */,
				E5F16A33560DA79AA6518F41 /* PSAppleDefaultTileOverlay.h */,
				E5F165ABAAB7D8EA74023332 /* PSAppleSatelliteTileOverlay.m */,
				E5F165A8AECEEF094EF7C4CA /* PSAppleSatelliteTileOverlay.h */,
				E5F1655E9E7D468585EE42F8 /* PSAppleHybridTileOverlay.m */,
				E5F160D6F4769797758D2A7F /* PSAppleHybridTileOverlay.h */,
			);
			name = Apple;
			sourceTree = "<group>";
		};
		E5F16FCD55E32364F034D5C6 /* Unused */ = {
			isa = PBXGroup;
			children = (
				E5F168D18BAEFFB2B0598F52 /* PSLocationManager.m */,
				E5F169B2424E9A2355EF6ECE /* PSLocationManager.h */,
				E5F16DD8436255C132C9F80A /* PSViewController.m */,
				E5F16201171F1AB27BB554CE /* PSViewController.h */,
			);
			name = Unused;
			sourceTree = "<group>";
		};
/* End PBXGroup section */

/* Begin PBXNativeTarget section */
		22F934CD19DD5E5B00996122 /* ObjcBikeGps */ = {
			isa = PBXNativeTarget;
			buildConfigurationList = 22F9350019DD5E5B00996122 /* Build configuration list for PBXNativeTarget "ObjcBikeGps" */;
			buildPhases = (
				363CD54E3045416CBBC6B968 /* Check Pods Manifest.lock */,
				22F934CA19DD5E5B00996122 /* Sources */,
				22F934CB19DD5E5B00996122 /* Frameworks */,
				22F934CC19DD5E5B00996122 /* Resources */,
				330C507679574CBD9AA83423 /* Copy Pods Resources */,
				8A2FE475F86549E0C717B92B /* Embed Pods Frameworks */,
			);
			buildRules = (
			);
			dependencies = (
			);
			name = ObjcBikeGps;
			productName = ObjcBikeGps;
			productReference = 22F934CE19DD5E5B00996122 /* ObjcBikeGps.app */;
			productType = "com.apple.product-type.application";
		};
		22F934EE19DD5E5B00996122 /* ObjcBikeGpsTests */ = {
			isa = PBXNativeTarget;
			buildConfigurationList = 22F9350319DD5E5B00996122 /* Build configuration list for PBXNativeTarget "ObjcBikeGpsTests" */;
			buildPhases = (
				22F934EB19DD5E5B00996122 /* Sources */,
				22F934EC19DD5E5B00996122 /* Frameworks */,
				22F934ED19DD5E5B00996122 /* Resources */,
			);
			buildRules = (
			);
			dependencies = (
				22F934F519DD5E5B00996122 /* PBXTargetDependency */,
			);
			name = ObjcBikeGpsTests;
			productName = ObjcBikeGpsTests;
			productReference = 22F934EF19DD5E5B00996122 /* ObjcBikeGpsTests.xctest */;
			productType = "com.apple.product-type.bundle.unit-test";
		};
/* End PBXNativeTarget section */

/* Begin PBXProject section */
		22F934C619DD5E5B00996122 /* Project object */ = {
			isa = PBXProject;
			attributes = {
				CLASSPREFIX = PS;
				LastUpgradeCheck = 0500;
				ORGANIZATIONNAME = phschneider.net;
				TargetAttributes = {
					22F934EE19DD5E5B00996122 = {
						TestTargetID = 22F934CD19DD5E5B00996122;
					};
				};
			};
			buildConfigurationList = 22F934C919DD5E5B00996122 /* Build configuration list for PBXProject "ObjcBikeGps" */;
			compatibilityVersion = "Xcode 3.2";
			developmentRegion = English;
			hasScannedForEncodings = 0;
			knownRegions = (
				en,
				Base,
			);
			mainGroup = 22F934C519DD5E5B00996122;
			productRefGroup = 22F934CF19DD5E5B00996122 /* Products */;
			projectDirPath = "";
			projectRoot = "";
			targets = (
				22F934CD19DD5E5B00996122 /* ObjcBikeGps */,
				22F934EE19DD5E5B00996122 /* ObjcBikeGpsTests */,
			);
		};
/* End PBXProject section */

/* Begin PBXResourcesBuildPhase section */
		22F934CC19DD5E5B00996122 /* Resources */ = {
			isa = PBXResourcesBuildPhase;
			buildActionMask = 2147483647;
			files = (
				4A0E71F11C32EE8200BCF6B8 /* 854-list-toolbar-selected.png in Resources */,
				222DF33A1B659056003410E7 /* Trail-Sonnenberg-1-mittlerer-felsenweg.gpx in Resources */,
				4A0E71E51C32EE8200BCF6B8 /* 1100-list-2-toolbar@3x.png in Resources */,
				222DF32D1B659056003410E7 /* Trail-Schwarzenberg3.gpx in Resources */,
				222DF3451B659B9E003410E7 /* TrailSpichern.gpx in Resources */,
				222DF32C1B659056003410E7 /* Trail-Schwarzenberg2.gpx in Resources */,
				4A0E720F1C34817900BCF6B8 /* Icon-40@3x.png in Resources */,
				222DF33C1B659056003410E7 /* Trail.gpx in Resources */,
				4A0E71F71C32EE8200BCF6B8 /* gray-940-pin@2x.png in Resources */,
				22ED409A1B68038800D3E297 /* Tour-Goettelborn.gpx in Resources */,
				4A0E71E71C32EE8200BCF6B8 /* 512px-Viewpoint-16.svg.png in Resources */,
				4A0E71ED1C32EE8200BCF6B8 /* 798-filter-toolbar@3x.png in Resources */,
				222DF3291B659056003410E7 /* Trail-Nauwies.gpx in Resources */,
				4A0E720B1C34817900BCF6B8 /* Icon-29@2x.png in Resources */,
				4A0E71EB1C32EE8200BCF6B8 /* 798-filter-toolbar.png in Resources */,
				4A0E71EA1C32EE8200BCF6B8 /* 760-refresh-3@3x.png in Resources */,
				4A0E71F61C32EE8200BCF6B8 /* gray-1061-golf-shot@2x.png in Resources */,
				4A0E71E81C32EE8200BCF6B8 /* 760-refresh-3.png in Resources */,
				4A0E71E61C32EE8200BCF6B8 /* 1435537202_54.png in Resources */,
				4A0E72141C34817900BCF6B8 /* iTunesArtwork@2x.png in Resources */,
				4A0E71EC1C32EE8200BCF6B8 /* 798-filter-toolbar@2x.png in Resources */,
				222DF3331B659056003410E7 /* Trail-Schwarzenberg9.gpx in Resources */,
				4A0E720D1C34817900BCF6B8 /* Icon-40.png in Resources */,
				4A0E71F41C32EE8200BCF6B8 /* Emergency_access_point.png in Resources */,
				222DF3321B659056003410E7 /* Trail-Schwarzenberg8.gpx in Resources */,
				222DF33B1B659056003410E7 /* Trail-Winterberg1.gpx in Resources */,
				222DF3421B659976003410E7 /* Tour-Urwald.gpx in Resources */,
				222DF32B1B659056003410E7 /* Trail-Schwarzenberg1.gpx in Resources */,
				4A0E71EE1C32EE8200BCF6B8 /* 852-map-toolbar.png in Resources */,
				222DF3231B659056003410E7 /* Route-pur-blau_blueColor.gpx in Resources */,
				222DF3311B659056003410E7 /* Trail-Schwarzenberg7.gpx in Resources */,
				4A0E71F01C32EE8200BCF6B8 /* 852-map-toolbar@3x.png in Resources */,
				222DF32F1B659056003410E7 /* Trail-Schwarzenberg5.gpx in Resources */,
				4A0E71E91C32EE8200BCF6B8 /* 760-refresh-3@2x.png in Resources */,
				222DF3341B659056003410E7 /* Trail-Schwarzenberg10.gpx in Resources */,
				222DF3301B659056003410E7 /* Trail-Schwarzenberg6.gpx in Resources */,
				4A0E71F31C32EE8200BCF6B8 /* 854-list-toolbar-selected@3x.png in Resources */,
				4A0E71E21C32EE8200BCF6B8 /* 1064-layers-4@3x.png in Resources */,
				222DF3241B659056003410E7 /* Route-pur-gruen_greenColor.gpx in Resources */,
				4A0E71E11C32EE8200BCF6B8 /* 1064-layers-4@2x.png in Resources */,
				4A0E71E31C32EE8200BCF6B8 /* 1100-list-2-toolbar.png in Resources */,
				4A0E71E41C32EE8200BCF6B8 /* 1100-list-2-toolbar@2x.png in Resources */,
				222DF3371B659056003410E7 /* Trail-Schwarzenberg13.gpx in Resources */,
				4A0E71F51C32EE8200BCF6B8 /* Emergeny.png in Resources */,
				22146EB11B6A855800CE0360 /* Tour-KLB-SB.gpx in Resources */,
				4A0E71FA1C32EEF400BCF6B8 /* Tour-t1387067_Sieben-Weiher-Tour.gpx in Resources */,
				222DF32E1B659056003410E7 /* Trail-Schwarzenberg4.gpx in Resources */,
				4A0E72131C34817900BCF6B8 /* Icon-76@2x.png in Resources */,
				4A0E72111C34817900BCF6B8 /* Icon-60@3x.png in Resources */,
				222DF3351B659056003410E7 /* Trail-Schwarzenberg11.gpx in Resources */,
				222DF3281B659056003410E7 /* Trail-KlbTrail.gpx in Resources */,
				222DF3261B659056003410E7 /* Trail-Dudweiler1.gpx in Resources */,
				22F934EA19DD5E5B00996122 /* Images.xcassets in Resources */,
				222DF3461B659B9E003410E7 /* TrailSpichern2.gpx in Resources */,
				222DF34A1B659F41003410E7 /* TrailSpichern3.gpx in Resources */,
				222DF3391B659056003410E7 /* Trail-Schwarzenberg15.gpx in Resources */,
				222DF3271B659056003410E7 /* Trail-HaldeCamphauserStrasse.gpx in Resources */,
				22F934DC19DD5E5B00996122 /* InfoPlist.strings in Resources */,
				222DF32A1B659056003410E7 /* Trail-Nauwies2.gpx in Resources */,
				4A0E72121C34817900BCF6B8 /* Icon-76.png in Resources */,
				222DF3361B659056003410E7 /* Trail-Schwarzenberg12.gpx in Resources */,
				4A0E720E1C34817900BCF6B8 /* Icon-40@2x.png in Resources */,
				222DF3221B659056003410E7 /* Route-NrideHom-3.gpx in Resources */,
				4A0E72101C34817900BCF6B8 /* Icon-60@2x.png in Resources */,
				222DF3381B659056003410E7 /* Trail-Schwarzenberg14.gpx in Resources */,
				4A0E720A1C34817900BCF6B8 /* Icon-29.png in Resources */,
				4A0E720C1C34817900BCF6B8 /* Icon-29@3x.png in Resources */,
				4A0E71F21C32EE8200BCF6B8 /* 854-list-toolbar-selected@2x.png in Resources */,
				4A0E71C51C32EDFA00BCF6B8 /* Launch Screen.storyboard in Resources */,
				4A0E71E01C32EE8200BCF6B8 /* 1064-layers-4.png in Resources */,
				4A0E71EF1C32EE8200BCF6B8 /* 852-map-toolbar@2x.png in Resources */,
				4A0E71F81C32EE8200BCF6B8 /* white-193-location-arrow@2x.png in Resources */,
				222DF3251B659056003410E7 /* Trail-AmHomburg1.gpx in Resources */,
			);
			runOnlyForDeploymentPostprocessing = 0;
		};
		22F934ED19DD5E5B00996122 /* Resources */ = {
			isa = PBXResourcesBuildPhase;
			buildActionMask = 2147483647;
			files = (
				22F934FB19DD5E5B00996122 /* InfoPlist.strings in Resources */,
			);
			runOnlyForDeploymentPostprocessing = 0;
		};
/* End PBXResourcesBuildPhase section */

/* Begin PBXShellScriptBuildPhase section */
		330C507679574CBD9AA83423 /* Copy Pods Resources */ = {
			isa = PBXShellScriptBuildPhase;
			buildActionMask = 2147483647;
			files = (
			);
			inputPaths = (
			);
			name = "Copy Pods Resources";
			outputPaths = (
			);
			runOnlyForDeploymentPostprocessing = 0;
			shellPath = /bin/sh;
			shellScript = "\"${SRCROOT}/Pods/Target Support Files/Pods/Pods-resources.sh\"\n";
			showEnvVarsInLog = 0;
		};
		363CD54E3045416CBBC6B968 /* Check Pods Manifest.lock */ = {
			isa = PBXShellScriptBuildPhase;
			buildActionMask = 2147483647;
			files = (
			);
			inputPaths = (
			);
			name = "Check Pods Manifest.lock";
			outputPaths = (
			);
			runOnlyForDeploymentPostprocessing = 0;
			shellPath = /bin/sh;
			shellScript = "diff \"${PODS_ROOT}/../Podfile.lock\" \"${PODS_ROOT}/Manifest.lock\" > /dev/null\nif [[ $? != 0 ]] ; then\n    cat << EOM\nerror: The sandbox is not in sync with the Podfile.lock. Run 'pod install' or update your CocoaPods installation.\nEOM\n    exit 1\nfi\n";
			showEnvVarsInLog = 0;
		};
		8A2FE475F86549E0C717B92B /* Embed Pods Frameworks */ = {
			isa = PBXShellScriptBuildPhase;
			buildActionMask = 2147483647;
			files = (
			);
			inputPaths = (
			);
			name = "Embed Pods Frameworks";
			outputPaths = (
			);
			runOnlyForDeploymentPostprocessing = 0;
			shellPath = /bin/sh;
			shellScript = "\"${SRCROOT}/Pods/Target Support Files/Pods/Pods-frameworks.sh\"\n";
			showEnvVarsInLog = 0;
		};
/* End PBXShellScriptBuildPhase section */

/* Begin PBXSourcesBuildPhase section */
		22F934CA19DD5E5B00996122 /* Sources */ = {
			isa = PBXSourcesBuildPhase;
			buildActionMask = 2147483647;
			files = (
				22F934DE19DD5E5B00996122 /* main.m in Sources */,
				22F934E219DD5E5B00996122 /* PSAppDelegate.m in Sources */,
				E5F163365A77926C4AF5CA54 /* PSGpxParser.m in Sources */,
				E5F1645416730CCBD86C0E31 /* PSGraphViewController.m in Sources */,
				E5F16B120607C41DEB8D16B4 /* PSMapViewController.m in Sources */,
				E5F166051E8262FB29BB9D8C /* PSTracksViewController.m in Sources */,
				E5F1604BE45C5CE367EC6BFC /* PSSettingsViewController.m in Sources */,
				E5F166DDF48AFCFA4C0CBA05 /* PSDistanceAnnotation.m in Sources */,
				E5F164BF4A230E9FB40BE694 /* PSLocationManager.m in Sources */,
				E5F161CA1D7F283F98B2BDA3 /* PSViewController.m in Sources */,
				E5F16D7065DC9CBC6BDCDBE3 /* PSPoi.m in Sources */,
				E5F167A555E360562AEC80A1 /* PSPoiStore.m in Sources */,
				E5F16E878E2F28197226B48A /* MKMapView+PSZoomLevel.m in Sources */,
				E5F163FB2E365B399585C067 /* MKMapView+PSTilesInMapRect.m in Sources */,
				E5F163569E08314CAB90F17D /* PSTileOverlayRender.m in Sources */,
				E5F1624D1324D29A29A565C6 /* PSTrackViewController.m in Sources */,
				E5F1622D239E5F9DFB95336E /* PSWayPointAnnotation.m in Sources */,
				E5F16AB51767814071777DA4 /* PSTileOverlay.m in Sources */,
				E5F16F1A94E8F4633532BB23 /* PSOpenStreetMapTileOverlay.m in Sources */,
				E5F16A6C5FA520C4966460A2 /* PSMapBoxHighContrastTileOverlay.m in Sources */,
				E5F16F988F8F3116A60FE44B /* PSHillShadingTileOverlay.m in Sources */,
				E5F16985AA7E68281208CABC /* PSMapBoxRunBikeHikeTileOverlay.m in Sources */,
				E5F160409C4C7CD1A7D28947 /* PSMapBoxLightTileOverlay.m in Sources */,
				E5F16BF1544241FCC9E5D536 /* PSOpenCycleMapTileOverlay.m in Sources */,
				E5F16CE353FA42E547F213AE /* PSMapBoxTileOverlay.m in Sources */,
				E5F16E0A5F6C8F534BCBF0FD /* PSMapBoxDarkTileOverlay.m in Sources */,
				E5F16F73FCBAA8668DAA43A6 /* PSMapBoxCustomTileOverlay.m in Sources */,
				67B40934B52D328D61594741 /* PSMainMenuViewController.m in Sources */,
				67B4038CA92E902FFA829A1E /* PSTrack.m in Sources */,
				67B40C6DB378988C0D7BC3A9 /* PSTrackStore.m in Sources */,
				67B40644E96BB7EC796E48D0 /* PSTrackOverlay.m in Sources */,
				67B40A579841A511938CC370 /* PSTrackRenderer.m in Sources */,
				67B407FEDC81B61A9C5B8007 /* PSMapLocationManager.m in Sources */,
				E5F16855BA60D3E59BA00A89 /* PSAppleDefaultTileOverlay.m in Sources */,
				E5F16E2B7CA0D098C1E60145 /* PSAppleSatelliteTileOverlay.m in Sources */,
				E5F162977BEA29990CEEE98E /* PSAppleHybridTileOverlay.m in Sources */,
				E5F165B8F30797CD65377187 /* PSDirectionAnnotation.m in Sources */,
			);
			runOnlyForDeploymentPostprocessing = 0;
		};
		22F934EB19DD5E5B00996122 /* Sources */ = {
			isa = PBXSourcesBuildPhase;
			buildActionMask = 2147483647;
			files = (
				22F934FD19DD5E5B00996122 /* ObjcBikeGpsTests.m in Sources */,
			);
			runOnlyForDeploymentPostprocessing = 0;
		};
/* End PBXSourcesBuildPhase section */

/* Begin PBXTargetDependency section */
		22F934F519DD5E5B00996122 /* PBXTargetDependency */ = {
			isa = PBXTargetDependency;
			target = 22F934CD19DD5E5B00996122 /* ObjcBikeGps */;
			targetProxy = 22F934F419DD5E5B00996122 /* PBXContainerItemProxy */;
		};
/* End PBXTargetDependency section */

/* Begin PBXVariantGroup section */
		22F934DA19DD5E5B00996122 /* InfoPlist.strings */ = {
			isa = PBXVariantGroup;
			children = (
				22F934DB19DD5E5B00996122 /* en */,
			);
			name = InfoPlist.strings;
			sourceTree = "<group>";
		};
		22F934F919DD5E5B00996122 /* InfoPlist.strings */ = {
			isa = PBXVariantGroup;
			children = (
				22F934FA19DD5E5B00996122 /* en */,
			);
			name = InfoPlist.strings;
			sourceTree = "<group>";
		};
/* End PBXVariantGroup section */

/* Begin XCBuildConfiguration section */
		22F934FE19DD5E5B00996122 /* Debug */ = {
			isa = XCBuildConfiguration;
			buildSettings = {
				ALWAYS_SEARCH_USER_PATHS = NO;
				ARCHS = "$(ARCHS_STANDARD_INCLUDING_64_BIT)";
				CLANG_CXX_LANGUAGE_STANDARD = "gnu++0x";
				CLANG_CXX_LIBRARY = "libc++";
				CLANG_ENABLE_MODULES = YES;
				CLANG_ENABLE_OBJC_ARC = YES;
				CLANG_WARN_BOOL_CONVERSION = YES;
				CLANG_WARN_CONSTANT_CONVERSION = YES;
				CLANG_WARN_DIRECT_OBJC_ISA_USAGE = YES_ERROR;
				CLANG_WARN_EMPTY_BODY = YES;
				CLANG_WARN_ENUM_CONVERSION = YES;
				CLANG_WARN_INT_CONVERSION = YES;
				CLANG_WARN_OBJC_ROOT_CLASS = YES_ERROR;
				CLANG_WARN__DUPLICATE_METHOD_MATCH = YES;
				CODE_SIGN_IDENTITY = "iPhone Developer: Philip Schneider (JDL4TRB26V)";
				COPY_PHASE_STRIP = NO;
				GCC_C_LANGUAGE_STANDARD = gnu99;
				GCC_DYNAMIC_NO_PIC = NO;
				GCC_OPTIMIZATION_LEVEL = 0;
				GCC_PREPROCESSOR_DEFINITIONS = (
					"DEBUG=1",
					"$(inherited)",
				);
				GCC_SYMBOLS_PRIVATE_EXTERN = NO;
				GCC_WARN_64_TO_32_BIT_CONVERSION = YES;
				GCC_WARN_ABOUT_RETURN_TYPE = YES_ERROR;
				GCC_WARN_UNDECLARED_SELECTOR = YES;
				GCC_WARN_UNINITIALIZED_AUTOS = YES;
				GCC_WARN_UNUSED_FUNCTION = YES;
				GCC_WARN_UNUSED_VARIABLE = YES;
				IPHONEOS_DEPLOYMENT_TARGET = 9.0;
				ONLY_ACTIVE_ARCH = YES;
				SDKROOT = iphoneos;
			};
			name = Debug;
		};
		22F934FF19DD5E5B00996122 /* Release */ = {
			isa = XCBuildConfiguration;
			buildSettings = {
				ALWAYS_SEARCH_USER_PATHS = NO;
				ARCHS = "$(ARCHS_STANDARD_INCLUDING_64_BIT)";
				CLANG_CXX_LANGUAGE_STANDARD = "gnu++0x";
				CLANG_CXX_LIBRARY = "libc++";
				CLANG_ENABLE_MODULES = YES;
				CLANG_ENABLE_OBJC_ARC = YES;
				CLANG_WARN_BOOL_CONVERSION = YES;
				CLANG_WARN_CONSTANT_CONVERSION = YES;
				CLANG_WARN_DIRECT_OBJC_ISA_USAGE = YES_ERROR;
				CLANG_WARN_EMPTY_BODY = YES;
				CLANG_WARN_ENUM_CONVERSION = YES;
				CLANG_WARN_INT_CONVERSION = YES;
				CLANG_WARN_OBJC_ROOT_CLASS = YES_ERROR;
				CLANG_WARN__DUPLICATE_METHOD_MATCH = YES;
				CODE_SIGN_IDENTITY = "iPhone Developer: Philip Schneider (JDL4TRB26V)";
				COPY_PHASE_STRIP = YES;
				ENABLE_NS_ASSERTIONS = NO;
				GCC_C_LANGUAGE_STANDARD = gnu99;
				GCC_WARN_64_TO_32_BIT_CONVERSION = YES;
				GCC_WARN_ABOUT_RETURN_TYPE = YES_ERROR;
				GCC_WARN_UNDECLARED_SELECTOR = YES;
				GCC_WARN_UNINITIALIZED_AUTOS = YES;
				GCC_WARN_UNUSED_FUNCTION = YES;
				GCC_WARN_UNUSED_VARIABLE = YES;
				IPHONEOS_DEPLOYMENT_TARGET = 9.0;
				SDKROOT = iphoneos;
				VALIDATE_PRODUCT = YES;
			};
			name = Release;
		};
		22F9350119DD5E5B00996122 /* Debug */ = {
			isa = XCBuildConfiguration;
			baseConfigurationReference = 292651F264F523FCBBD71335 /* Pods.debug.xcconfig */;
			buildSettings = {
				CODE_SIGN_IDENTITY = "iPhone Developer: Philip Schneider (JDL4TRB26V)";
				GCC_PRECOMPILE_PREFIX_HEADER = YES;
				GCC_PREFIX_HEADER = "ObjcBikeGps/ObjcBikeGps-Prefix.pch";
				INFOPLIST_FILE = "ObjcBikeGps/ObjcBikeGps-Info.plist";
				IPHONEOS_DEPLOYMENT_TARGET = 9.0;
				PRODUCT_NAME = "$(TARGET_NAME)";
				PROVISIONING_PROFILE = "be18db8a-7aaa-4e23-b4ea-da40747b2f61";
				TARGETED_DEVICE_FAMILY = "1,2";
				USER_HEADER_SEARCH_PATHS = "\"${PROJECT_DIR}/Pods\"/**";
				WRAPPER_EXTENSION = app;
			};
			name = Debug;
		};
		22F9350219DD5E5B00996122 /* Release */ = {
			isa = XCBuildConfiguration;
			baseConfigurationReference = ABA11E6B8B64EB33BC0F9452 /* Pods.release.xcconfig */;
			buildSettings = {
				CODE_SIGN_IDENTITY = "iPhone Developer: Philip Schneider (JDL4TRB26V)";
				GCC_PRECOMPILE_PREFIX_HEADER = YES;
				GCC_PREFIX_HEADER = "ObjcBikeGps/ObjcBikeGps-Prefix.pch";
				INFOPLIST_FILE = "ObjcBikeGps/ObjcBikeGps-Info.plist";
				IPHONEOS_DEPLOYMENT_TARGET = 9.0;
				PRODUCT_NAME = "$(TARGET_NAME)";
				PROVISIONING_PROFILE = "be18db8a-7aaa-4e23-b4ea-da40747b2f61";
				TARGETED_DEVICE_FAMILY = "1,2";
				USER_HEADER_SEARCH_PATHS = "\"${PROJECT_DIR}/Pods\"/**";
				WRAPPER_EXTENSION = app;
			};
			name = Release;
		};
		22F9350419DD5E5B00996122 /* Debug */ = {
			isa = XCBuildConfiguration;
			buildSettings = {
				ARCHS = "$(ARCHS_STANDARD_INCLUDING_64_BIT)";
				BUNDLE_LOADER = "$(BUILT_PRODUCTS_DIR)/ObjcBikeGps.app/ObjcBikeGps";
				CODE_SIGN_IDENTITY = "iPhone Developer: Eric Gross (8YXRX3SJNG)";
				FRAMEWORK_SEARCH_PATHS = (
					"$(SDKROOT)/Developer/Library/Frameworks",
					"$(inherited)",
					"$(DEVELOPER_FRAMEWORKS_DIR)",
				);
				GCC_PRECOMPILE_PREFIX_HEADER = YES;
				GCC_PREFIX_HEADER = "ObjcBikeGps/ObjcBikeGps-Prefix.pch";
				GCC_PREPROCESSOR_DEFINITIONS = (
					"DEBUG=1",
					"$(inherited)",
				);
				INFOPLIST_FILE = "ObjcBikeGpsTests/ObjcBikeGpsTests-Info.plist";
				PRODUCT_NAME = "$(TARGET_NAME)";
				PROVISIONING_PROFILE = "0f982c2a-e2e5-4131-a409-7305e88dba3c";
				TEST_HOST = "$(BUNDLE_LOADER)";
				WRAPPER_EXTENSION = xctest;
			};
			name = Debug;
		};
		22F9350519DD5E5B00996122 /* Release */ = {
			isa = XCBuildConfiguration;
			buildSettings = {
				ARCHS = "$(ARCHS_STANDARD_INCLUDING_64_BIT)";
				BUNDLE_LOADER = "$(BUILT_PRODUCTS_DIR)/ObjcBikeGps.app/ObjcBikeGps";
				CODE_SIGN_IDENTITY = "iPhone Developer: Eric Gross (8YXRX3SJNG)";
				FRAMEWORK_SEARCH_PATHS = (
					"$(SDKROOT)/Developer/Library/Frameworks",
					"$(inherited)",
					"$(DEVELOPER_FRAMEWORKS_DIR)",
				);
				GCC_PRECOMPILE_PREFIX_HEADER = YES;
				GCC_PREFIX_HEADER = "ObjcBikeGps/ObjcBikeGps-Prefix.pch";
				INFOPLIST_FILE = "ObjcBikeGpsTests/ObjcBikeGpsTests-Info.plist";
				PRODUCT_NAME = "$(TARGET_NAME)";
				PROVISIONING_PROFILE = "0f982c2a-e2e5-4131-a409-7305e88dba3c";
				TEST_HOST = "$(BUNDLE_LOADER)";
				WRAPPER_EXTENSION = xctest;
			};
			name = Release;
		};
		4A0E71FB1C34516800BCF6B8 /* AppStore */ = {
			isa = XCBuildConfiguration;
			buildSettings = {
				ALWAYS_SEARCH_USER_PATHS = NO;
				ARCHS = "$(ARCHS_STANDARD_INCLUDING_64_BIT)";
				CLANG_CXX_LANGUAGE_STANDARD = "gnu++0x";
				CLANG_CXX_LIBRARY = "libc++";
				CLANG_ENABLE_MODULES = YES;
				CLANG_ENABLE_OBJC_ARC = YES;
				CLANG_WARN_BOOL_CONVERSION = YES;
				CLANG_WARN_CONSTANT_CONVERSION = YES;
				CLANG_WARN_DIRECT_OBJC_ISA_USAGE = YES_ERROR;
				CLANG_WARN_EMPTY_BODY = YES;
				CLANG_WARN_ENUM_CONVERSION = YES;
				CLANG_WARN_INT_CONVERSION = YES;
				CLANG_WARN_OBJC_ROOT_CLASS = YES_ERROR;
				CLANG_WARN__DUPLICATE_METHOD_MATCH = YES;
				CODE_SIGN_IDENTITY = "iPhone Developer: Philip Schneider (JDL4TRB26V)";
				COPY_PHASE_STRIP = YES;
				ENABLE_NS_ASSERTIONS = NO;
				GCC_C_LANGUAGE_STANDARD = gnu99;
				GCC_WARN_64_TO_32_BIT_CONVERSION = YES;
				GCC_WARN_ABOUT_RETURN_TYPE = YES_ERROR;
				GCC_WARN_UNDECLARED_SELECTOR = YES;
				GCC_WARN_UNINITIALIZED_AUTOS = YES;
				GCC_WARN_UNUSED_FUNCTION = YES;
				GCC_WARN_UNUSED_VARIABLE = YES;
				IPHONEOS_DEPLOYMENT_TARGET = 9.0;
				SDKROOT = iphoneos;
				VALIDATE_PRODUCT = YES;
			};
			name = AppStore;
		};
		4A0E71FC1C34516800BCF6B8 /* AppStore */ = {
			isa = XCBuildConfiguration;
			baseConfigurationReference = ABA11E6B8B64EB33BC0F9452 /* Pods.release.xcconfig */;
			buildSettings = {
				CODE_SIGN_IDENTITY = "iPhone Distribution: Philip Schneider (723AP2V5VG)";
				GCC_PRECOMPILE_PREFIX_HEADER = YES;
				GCC_PREFIX_HEADER = "ObjcBikeGps/ObjcBikeGps-Prefix.pch";
				INFOPLIST_FILE = "ObjcBikeGps/ObjcBikeGps-Info.plist";
				IPHONEOS_DEPLOYMENT_TARGET = 9.0;
				PRODUCT_NAME = "$(TARGET_NAME)";
				PROVISIONING_PROFILE = "2d360b79-eaab-41ac-8a0a-57190e040e13";
				TARGETED_DEVICE_FAMILY = "1,2";
				USER_HEADER_SEARCH_PATHS = "\"${PROJECT_DIR}/Pods\"/**";
				WRAPPER_EXTENSION = app;
			};
			name = AppStore;
		};
		4A0E71FD1C34516800BCF6B8 /* AppStore */ = {
			isa = XCBuildConfiguration;
			buildSettings = {
				ARCHS = "$(ARCHS_STANDARD_INCLUDING_64_BIT)";
				BUNDLE_LOADER = "$(BUILT_PRODUCTS_DIR)/ObjcBikeGps.app/ObjcBikeGps";
				CODE_SIGN_IDENTITY = "iPhone Developer: Eric Gross (8YXRX3SJNG)";
				FRAMEWORK_SEARCH_PATHS = (
					"$(SDKROOT)/Developer/Library/Frameworks",
					"$(inherited)",
					"$(DEVELOPER_FRAMEWORKS_DIR)",
				);
				GCC_PRECOMPILE_PREFIX_HEADER = YES;
				GCC_PREFIX_HEADER = "ObjcBikeGps/ObjcBikeGps-Prefix.pch";
				INFOPLIST_FILE = "ObjcBikeGpsTests/ObjcBikeGpsTests-Info.plist";
				PRODUCT_NAME = "$(TARGET_NAME)";
				PROVISIONING_PROFILE = "0f982c2a-e2e5-4131-a409-7305e88dba3c";
				TEST_HOST = "$(BUNDLE_LOADER)";
				WRAPPER_EXTENSION = xctest;
			};
			name = AppStore;
		};
/* End XCBuildConfiguration section */

/* Begin XCConfigurationList section */
		22F934C919DD5E5B00996122 /* Build configuration list for PBXProject "ObjcBikeGps" */ = {
			isa = XCConfigurationList;
			buildConfigurations = (
				22F934FE19DD5E5B00996122 /* Debug */,
				22F934FF19DD5E5B00996122 /* Release */,
				4A0E71FB1C34516800BCF6B8 /* AppStore */,
			);
			defaultConfigurationIsVisible = 0;
			defaultConfigurationName = Release;
		};
		22F9350019DD5E5B00996122 /* Build configuration list for PBXNativeTarget "ObjcBikeGps" */ = {
			isa = XCConfigurationList;
			buildConfigurations = (
				22F9350119DD5E5B00996122 /* Debug */,
				22F9350219DD5E5B00996122 /* Release */,
				4A0E71FC1C34516800BCF6B8 /* AppStore */,
			);
			defaultConfigurationIsVisible = 0;
			defaultConfigurationName = Release;
		};
		22F9350319DD5E5B00996122 /* Build configuration list for PBXNativeTarget "ObjcBikeGpsTests" */ = {
			isa = XCConfigurationList;
			buildConfigurations = (
				22F9350419DD5E5B00996122 /* Debug */,
				22F9350519DD5E5B00996122 /* Release */,
				4A0E71FD1C34516800BCF6B8 /* AppStore */,
			);
			defaultConfigurationIsVisible = 0;
			defaultConfigurationName = Release;
		};
/* End XCConfigurationList section */
	};
	rootObject = 22F934C619DD5E5B00996122 /* Project object */;
}
